{
  "version": 4,
  "terraform_version": "1.6.2",
  "serial": 54,
  "lineage": "cc3899a7-0d9f-df63-e0ee-3e4734649395",
  "outputs": {
    "key_data": {
      "value": "ssh-rsa AAAAB3NzaC1yc2EAAAADAQABAAABgQDsk0yIWP5MtSCldzfnI9bZ7n6rhFK1C1K41kBCUZKXYdDGcG2AVKafd3AvM1WLldEgNhIbojZEFJgEbavGCwxk43iUwDSsiSv3+CFUPZ8lyuv+qCv+WeGNVYJAb+ptmwwHWShbFmqDT144EU+llfDX3lIwIwXhGC1taiAKhx9andr+ieGL78whbzPfMBPbsNKvEZ2ep5hnCnfmOTRM8rGzBTY+HyE4AxySsa88oXJ0bfLLnZD1iq3sxD47z0YE0gpuHcsHQ7gXUyhTcB3mGT4bVnXmtspTWs81goqLymIHuY6tHbA1TNY3zj7y9RQ2dhWmWuf1UWdGoohyfYGu0+9qJV0egiLJkNhnd4YqDxMj7W+b/dNvy4R9+ur+bhlXYRZCW0d1u0RPCh1o0cMRq5NKygRAi4yyVY1+mHOB9tajGPsy3vNBkcOed8fusJtnrWYgFek1LbRb2PRqe6kCOfZZ+lsF/p4YLSLUIKWoBwiWLna9+UZ33t1BKzrY0rdOcB0= generated-by-azure",
      "type": "string"
    },
    "public_ip_address": {
      "value": "172.171.229.192",
      "type": "string"
    },
    "resource_group_name": {
      "value": "rg-python-pure-woodcock",
      "type": "string"
    }
  },
  "resources": [
    {
      "mode": "managed",
      "type": "azapi_resource",
      "name": "ssh_public_key",
      "provider": "provider[\"registry.terraform.io/azure/azapi\"]",
      "instances": [
        {
          "schema_version": 0,
          "attributes": {
            "body": "{}",
            "id": "/subscriptions/25e087ef-4926-4833-bc30-7b7e8aac7836/resourceGroups/rg-python-pure-woodcock/providers/Microsoft.Compute/sshPublicKeys/sshrenewingskunk",
            "identity": [],
            "ignore_body_changes": null,
            "ignore_casing": false,
            "ignore_missing_property": true,
            "location": "eastus",
            "locks": null,
            "name": "sshrenewingskunk",
            "output": "{}",
            "parent_id": "/subscriptions/25e087ef-4926-4833-bc30-7b7e8aac7836/resourceGroups/rg-python-pure-woodcock",
            "removing_special_chars": false,
            "response_export_values": null,
            "schema_validation_enabled": true,
            "tags": {},
            "timeouts": null,
            "type": "Microsoft.Compute/sshPublicKeys@2022-11-01"
          },
          "sensitive_attributes": [],
          "private": "eyJlMmJmYjczMC1lY2FhLTExZTYtOGY4OC0zNDM2M2JjN2M0YzAiOnsiY3JlYXRlIjoxODAwMDAwMDAwMDAwLCJkZWxldGUiOjE4MDAwMDAwMDAwMDAsInJlYWQiOjMwMDAwMDAwMDAwMCwidXBkYXRlIjoxODAwMDAwMDAwMDAwfX0=",
          "dependencies": [
            "azurerm_resource_group.rgpy",
            "random_pet.rg_namepy",
            "random_pet.ssh_key_namepy"
          ]
        }
      ]
    },
    {
      "mode": "managed",
      "type": "azapi_resource_action",
      "name": "ssh_public_key_genpy",
      "provider": "provider[\"registry.terraform.io/azure/azapi\"]",
      "instances": [
        {
          "schema_version": 0,
          "attributes": {
            "action": "generateKeyPair",
            "body": null,
            "id": "/subscriptions/25e087ef-4926-4833-bc30-7b7e8aac7836/resourceGroups/rg-python-pure-woodcock/providers/Microsoft.Compute/sshPublicKeys/sshrenewingskunk/generateKeyPair",
            "locks": null,
            "method": "POST",
            "output": "{\"privateKey\":\"-----BEGIN RSA PRIVATE KEY-----\\r\\nMIIG4wIBAAKCAYEA7JNMiFj+TLUgpXc35yPW2e5+q4RStQtSuNZAQlGSl2HQxnBt\\r\\ngFSmn3dwLzNVi5XRIDYSG6I2RBSYBG2rxgsMZON4lMA0rIkr9/ghVD2fJcrr/qgr\\r\\n/lnhjVWCQG/qbZsMB1koWxZqg09eOBFPpZXw195SMCMF4RgtbWogCocfWp3a/onh\\r\\ni+/MIW8z3zAT27DSrxGdnqeYZwp35jk0TPKxswU2Ph8hOAMckrGvPKFydG3yy52Q\\r\\n9Yqt7MQ+O89GBNIKbh3LB0O4F1MoU3Ad5hk+G1Z15rbKU1rPNYKKi8piB7mOrR2w\\r\\nNUzWN84+8vUUNnYVplrn9VFnRqKIcn2BrtPvaiVdHoIiyZDYZ3eGKg8TI+1vm/3T\\r\\nb8uEffrq/m4ZV2EWQltHdbtETwodaNHDEauTSsoEQIuMslWNfphzgfbWoxj7Mt7z\\r\\nQZHDnnfH7rCbZ61mIBXpNS20W9j0anupAjn2WfpbBf6eGC0i1CClqAcIli52vflG\\r\\nd97dQSs62NK3TnAdAgMBAAECggGAcSngoRQYyK6XqC7H8evF2UdpFjhcq7d34Wyz\\r\\nHkYQ3hLvIA0lhA56CavDYQCoOfX3K/ZRYSCN3rEPKocfdMNSMWxSAK2URLf07U+m\\r\\n+bnkR9qyWoUtTiTGbKnrfVFLjRRug5FVaYTmfFtZ0W4OcEGyDECPhfEq3cqH6F+s\\r\\nZfzOtbTuzXU9C4gwWAnugSNpTFxf21iM0hiPITLzuY/BgdFRyTWEBeE0LavnXhBa\\r\\np6D+s8zoKBf+AEZO/gO9VTTH5IRnh1rPyRwZkE4WnINlcaxMIeHyk4/6ntlhRQSD\\r\\n+G8D/6duf8ZJYfrKNjDFsnY5tB+P+BnmnDz8v0eKXwLQ1rSpN84/huiWTqpvtqLV\\r\\niDDgj51lplcjglTU3IWgn7+3/4zw25+gTz3CKd70/p3nJMe6lDfFDGxgPjxsr/CP\\r\\nsNyNLLECK9tWUb+lYAACifTJv0NbJzW/xqgAbARajL6GqiFuSW2DPDYL2DTL00pN\\r\\nV0hzcO3qi3QRG1H/Ua71FKTPvvPNAoHBAPsC0JNdsn5B54w9P8tVyq7tIMHrv6IG\\r\\nm32z8V72x2EqEZoZ9WaHTiAWMTHllQzDwcBtGjHLYeemktS0sK+EtY/A+evdFtlS\\r\\n+RpUGtSPh7H4LP7+94su2Jc9k4x329BGAVcfmDnd+McvYmDXw6UeDylhGKVO9F7H\\r\\nlLNVE0GknlaO8Julz2Zc9iELOFdIpa6VGqthAXE9ueK/8gzgcOnRU0O6GBke/xpd\\r\\ntgv7AZQmUSnd/n5MJjCe7B7SIGcbAVa6KwKBwQDxRwiQf0tsVg/AfobyZoFtSvFT\\r\\nMESCoo4Y8/ukiLNpvFPZl5OClp+xY6p105z3ZjPKq+OdfS1bv4IousexG0YQ2Sb6\\r\\nwTnnTUdWVDXlBdSgQI7UdBXBHoUAz2Eec8Wr2H/6+02kOh262dVapKOffGnPvuY7\\r\\nQ872AZBlLSaaZEAcqvn7XlPCEjnuTSQy7WeuUqvHZ+YatmgUJEQFQaALeQoWZDg6\\r\\n25YnVG0qOKFUPJy5lE9fzhR7t1/grpSBsQLrQtcCgcEAwsoaZmHt5EDsmU3mtbqs\\r\\nATePli2Glwwdml0L0LAdZW+qHTZL0/boT8oo/xm0oyU+tD92dnHoVkZT57EY8/w+\\r\\nkYIl8D2wP5I+MYpXD+EaYqe+81uVanM+LY/hcr6I3IWXAK9KCI4TQy+oXpLSBs7e\\r\\n4TOyVoaA6RRkdw5sVSKUpYNjgMYZvswhTN9SJ5n+yQ54lco/vksyd56RDiEWPrzs\\r\\nqsA9dzEwsptKbN2rCfb6QU0+82/QqyaJAhn6f0jbrxvlAoHADcxmLP1aruNtGzEh\\r\\nPpOmKz3x9zP3dxEc10h8x7gZqp5enT8R7JH4qAhvIzXq8CskIx8ZcVRLV8foBbRI\\r\\n31QT+bqxg/2w9g1xWvqN6n8e3dtTT8sjw1ufd6BkiX1NfLpw90WP9yhrstfqX7iy\\r\\nsthGpN7iA9mo6GDGhULDxmidUgZlLX8Dg0HPllVLEK6LE2ke8dR7UGPGKAC68yIB\\r\\nqSZO8WDh5lvQhodJhvSeJVciD2rv7ya1/S1LimnxjEk3RYUZAoHASUyYl0QXY7L3\\r\\nxrowxuBvWqDfMMRT6HqxjlOS3fNvhscxxcboQb4rJXTbqV4bs2CTJZGUp1rGq/1m\\r\\nZn9TyyXTf2Idjh1rutrIh20X5L/tZHWH9JqngEdPMzxzy5LJ8M6mXRg+QCOlk8iJ\\r\\nHciCmglcW04jOJam3a+LKm5ookVSoplZoY6hMWEzgZLd3fIu/Mi36oXBExLjetQ+\\r\\naQDbWDu+JJy5JP9qNnWoX6V40TzSC3XTBMq6w247BwjnOguIR4w5\\r\\n-----END RSA PRIVATE KEY-----\\r\\n\",\"publicKey\":\"ssh-rsa AAAAB3NzaC1yc2EAAAADAQABAAABgQDsk0yIWP5MtSCldzfnI9bZ7n6rhFK1C1K41kBCUZKXYdDGcG2AVKafd3AvM1WLldEgNhIbojZEFJgEbavGCwxk43iUwDSsiSv3+CFUPZ8lyuv+qCv+WeGNVYJAb+ptmwwHWShbFmqDT144EU+llfDX3lIwIwXhGC1taiAKhx9andr+ieGL78whbzPfMBPbsNKvEZ2ep5hnCnfmOTRM8rGzBTY+HyE4AxySsa88oXJ0bfLLnZD1iq3sxD47z0YE0gpuHcsHQ7gXUyhTcB3mGT4bVnXmtspTWs81goqLymIHuY6tHbA1TNY3zj7y9RQ2dhWmWuf1UWdGoohyfYGu0+9qJV0egiLJkNhnd4YqDxMj7W+b/dNvy4R9+ur+bhlXYRZCW0d1u0RPCh1o0cMRq5NKygRAi4yyVY1+mHOB9tajGPsy3vNBkcOed8fusJtnrWYgFek1LbRb2PRqe6kCOfZZ+lsF/p4YLSLUIKWoBwiWLna9+UZ33t1BKzrY0rdOcB0= generated-by-azure\"}",
            "resource_id": "/subscriptions/25e087ef-4926-4833-bc30-7b7e8aac7836/resourceGroups/rg-python-pure-woodcock/providers/Microsoft.Compute/sshPublicKeys/sshrenewingskunk",
            "response_export_values": [
              "publicKey",
              "privateKey"
            ],
            "timeouts": null,
            "type": "Microsoft.Compute/sshPublicKeys@2022-11-01"
          },
          "sensitive_attributes": [],
          "private": "eyJlMmJmYjczMC1lY2FhLTExZTYtOGY4OC0zNDM2M2JjN2M0YzAiOnsiY3JlYXRlIjoxODAwMDAwMDAwMDAwLCJkZWxldGUiOjE4MDAwMDAwMDAwMDAsInJlYWQiOjMwMDAwMDAwMDAwMCwidXBkYXRlIjoxODAwMDAwMDAwMDAwfX0=",
          "dependencies": [
            "azapi_resource.ssh_public_key",
            "azurerm_resource_group.rgpy",
            "random_pet.rg_namepy",
            "random_pet.ssh_key_namepy"
          ]
        }
      ]
    },
    {
      "mode": "managed",
      "type": "azurerm_linux_virtual_machine",
      "name": "my_terraform_vmpy",
      "provider": "provider[\"registry.terraform.io/hashicorp/azurerm\"]",
      "instances": [
        {
          "schema_version": 0,
          "attributes": {
            "additional_capabilities": [],
            "admin_password": null,
            "admin_ssh_key": [
              {
                "public_key": "ssh-rsa AAAAB3NzaC1yc2EAAAADAQABAAABgQDsk0yIWP5MtSCldzfnI9bZ7n6rhFK1C1K41kBCUZKXYdDGcG2AVKafd3AvM1WLldEgNhIbojZEFJgEbavGCwxk43iUwDSsiSv3+CFUPZ8lyuv+qCv+WeGNVYJAb+ptmwwHWShbFmqDT144EU+llfDX3lIwIwXhGC1taiAKhx9andr+ieGL78whbzPfMBPbsNKvEZ2ep5hnCnfmOTRM8rGzBTY+HyE4AxySsa88oXJ0bfLLnZD1iq3sxD47z0YE0gpuHcsHQ7gXUyhTcB3mGT4bVnXmtspTWs81goqLymIHuY6tHbA1TNY3zj7y9RQ2dhWmWuf1UWdGoohyfYGu0+9qJV0egiLJkNhnd4YqDxMj7W+b/dNvy4R9+ur+bhlXYRZCW0d1u0RPCh1o0cMRq5NKygRAi4yyVY1+mHOB9tajGPsy3vNBkcOed8fusJtnrWYgFek1LbRb2PRqe6kCOfZZ+lsF/p4YLSLUIKWoBwiWLna9+UZ33t1BKzrY0rdOcB0= generated-by-azure",
                "username": "azureadmin2"
              }
            ],
            "admin_username": "azureadmin2",
            "allow_extension_operations": true,
            "availability_set_id": "",
            "boot_diagnostics": [
              {
                "storage_account_uri": "https://diag2a5d39f4a9b833c82.blob.core.windows.net/"
              }
            ],
            "computer_name": "hostname",
            "custom_data": null,
            "dedicated_host_group_id": "",
            "dedicated_host_id": "",
            "disable_password_authentication": true,
            "encryption_at_host_enabled": false,
            "eviction_policy": "",
            "extensions_time_budget": "PT1H30M",
            "id": "/subscriptions/25e087ef-4926-4833-bc30-7b7e8aac7836/resourceGroups/rg-python-pure-woodcock/providers/Microsoft.Compute/virtualMachines/myPYVM",
            "identity": [],
            "license_type": "",
            "location": "eastus",
            "max_bid_price": -1,
            "name": "myPYVM",
            "network_interface_ids": [
              "/subscriptions/25e087ef-4926-4833-bc30-7b7e8aac7836/resourceGroups/rg-python-pure-woodcock/providers/Microsoft.Network/networkInterfaces/NIC"
            ],
            "os_disk": [
              {
                "caching": "ReadWrite",
                "diff_disk_settings": [],
                "disk_encryption_set_id": "",
                "disk_size_gb": 30,
                "name": "OsDisk",
                "storage_account_type": "Premium_LRS",
                "write_accelerator_enabled": false
              }
            ],
            "patch_mode": "ImageDefault",
            "plan": [],
            "platform_fault_domain": -1,
            "priority": "Regular",
            "private_ip_address": "10.0.1.4",
            "private_ip_addresses": [
              "10.0.1.4"
            ],
            "provision_vm_agent": true,
            "proximity_placement_group_id": "",
            "public_ip_address": "172.171.229.192",
            "public_ip_addresses": [
              "172.171.229.192"
            ],
            "resource_group_name": "rg-python-pure-woodcock",
            "secret": [],
            "secure_boot_enabled": false,
            "size": "Standard_DS1_v2",
            "source_image_id": "",
            "source_image_reference": [
              {
                "offer": "0001-com-ubuntu-server-jammy",
                "publisher": "Canonical",
                "sku": "22_04-lts-gen2",
                "version": "latest"
              }
            ],
            "tags": null,
            "timeouts": null,
            "user_data": "",
            "virtual_machine_id": "9712a4c0-d1de-4e34-b844-21170b7b3898",
            "virtual_machine_scale_set_id": "",
            "vtpm_enabled": false,
            "zone": ""
          },
          "sensitive_attributes": [],
          "private": "eyJlMmJmYjczMC1lY2FhLTExZTYtOGY4OC0zNDM2M2JjN2M0YzAiOnsiY3JlYXRlIjoyNzAwMDAwMDAwMDAwLCJkZWxldGUiOjI3MDAwMDAwMDAwMDAsInJlYWQiOjMwMDAwMDAwMDAwMCwidXBkYXRlIjoyNzAwMDAwMDAwMDAwfX0=",
          "dependencies": [
            "azapi_resource.ssh_public_key",
            "azapi_resource_action.ssh_public_key_genpy",
            "azurerm_network_interface.my_terraform_nicpy",
            "azurerm_public_ip.my_terraform_public_ippy",
            "azurerm_resource_group.rgpy",
            "azurerm_storage_account.my_storage_accountpy",
            "azurerm_subnet.my_terraform_subnetpy",
            "azurerm_virtual_network.my_terraform_networkpy",
            "random_id.random_idpy",
            "random_pet.rg_namepy",
            "random_pet.ssh_key_namepy"
          ]
        }
      ]
    },
    {
      "mode": "managed",
      "type": "azurerm_network_interface",
      "name": "my_terraform_nicpy",
      "provider": "provider[\"registry.terraform.io/hashicorp/azurerm\"]",
      "instances": [
        {
          "schema_version": 0,
          "attributes": {
            "applied_dns_servers": [],
            "dns_servers": [],
            "enable_accelerated_networking": false,
            "enable_ip_forwarding": false,
            "id": "/subscriptions/25e087ef-4926-4833-bc30-7b7e8aac7836/resourceGroups/rg-python-pure-woodcock/providers/Microsoft.Network/networkInterfaces/NIC",
            "internal_dns_name_label": "",
            "internal_domain_name_suffix": "3r0lpvtzwsnenebrp1mqr4anlh.bx.internal.cloudapp.net",
            "ip_configuration": [
              {
                "gateway_load_balancer_frontend_ip_configuration_id": "",
                "name": "nic_configuration",
                "primary": true,
                "private_ip_address": "10.0.1.4",
                "private_ip_address_allocation": "Dynamic",
                "private_ip_address_version": "IPv4",
                "public_ip_address_id": "/subscriptions/25e087ef-4926-4833-bc30-7b7e8aac7836/resourceGroups/rg-python-pure-woodcock/providers/Microsoft.Network/publicIPAddresses/PublicIP",
                "subnet_id": "/subscriptions/25e087ef-4926-4833-bc30-7b7e8aac7836/resourceGroups/rg-python-pure-woodcock/providers/Microsoft.Network/virtualNetworks/Vnet/subnets/Subnet"
              }
            ],
            "location": "eastus",
            "mac_address": "",
            "name": "NIC",
            "private_ip_address": "10.0.1.4",
            "private_ip_addresses": [
              "10.0.1.4"
            ],
            "resource_group_name": "rg-python-pure-woodcock",
            "tags": null,
            "timeouts": null,
            "virtual_machine_id": ""
          },
          "sensitive_attributes": [],
          "private": "eyJlMmJmYjczMC1lY2FhLTExZTYtOGY4OC0zNDM2M2JjN2M0YzAiOnsiY3JlYXRlIjoxODAwMDAwMDAwMDAwLCJkZWxldGUiOjE4MDAwMDAwMDAwMDAsInJlYWQiOjMwMDAwMDAwMDAwMCwidXBkYXRlIjoxODAwMDAwMDAwMDAwfX0=",
          "dependencies": [
            "azurerm_public_ip.my_terraform_public_ippy",
            "azurerm_resource_group.rgpy",
            "azurerm_subnet.my_terraform_subnetpy",
            "azurerm_virtual_network.my_terraform_networkpy",
            "random_pet.rg_namepy"
          ]
        }
      ]
    },
    {
      "mode": "managed",
      "type": "azurerm_network_interface_security_group_association",
      "name": "connect_py",
      "provider": "provider[\"registry.terraform.io/hashicorp/azurerm\"]",
      "instances": [
        {
          "schema_version": 0,
          "attributes": {
            "id": "/subscriptions/25e087ef-4926-4833-bc30-7b7e8aac7836/resourceGroups/rg-python-pure-woodcock/providers/Microsoft.Network/networkInterfaces/NIC|/subscriptions/25e087ef-4926-4833-bc30-7b7e8aac7836/resourceGroups/rg-python-pure-woodcock/providers/Microsoft.Network/networkSecurityGroups/NetworkSecurityGroup",
            "network_interface_id": "/subscriptions/25e087ef-4926-4833-bc30-7b7e8aac7836/resourceGroups/rg-python-pure-woodcock/providers/Microsoft.Network/networkInterfaces/NIC",
            "network_security_group_id": "/subscriptions/25e087ef-4926-4833-bc30-7b7e8aac7836/resourceGroups/rg-python-pure-woodcock/providers/Microsoft.Network/networkSecurityGroups/NetworkSecurityGroup",
            "timeouts": null
          },
          "sensitive_attributes": [],
          "private": "eyJlMmJmYjczMC1lY2FhLTExZTYtOGY4OC0zNDM2M2JjN2M0YzAiOnsiY3JlYXRlIjoxODAwMDAwMDAwMDAwLCJkZWxldGUiOjE4MDAwMDAwMDAwMDAsInJlYWQiOjMwMDAwMDAwMDAwMCwidXBkYXRlIjoxODAwMDAwMDAwMDAwfX0=",
          "dependencies": [
            "azurerm_network_interface.my_terraform_nicpy",
            "azurerm_network_security_group.my_terraform_nsgpy",
            "azurerm_public_ip.my_terraform_public_ippy",
            "azurerm_resource_group.rgpy",
            "azurerm_subnet.my_terraform_subnetpy",
            "azurerm_virtual_network.my_terraform_networkpy",
            "random_pet.rg_namepy"
          ]
        }
      ]
    },
    {
      "mode": "managed",
      "type": "azurerm_network_security_group",
      "name": "my_terraform_nsgpy",
      "provider": "provider[\"registry.terraform.io/hashicorp/azurerm\"]",
      "instances": [
        {
          "schema_version": 0,
          "attributes": {
            "id": "/subscriptions/25e087ef-4926-4833-bc30-7b7e8aac7836/resourceGroups/rg-python-pure-woodcock/providers/Microsoft.Network/networkSecurityGroups/NetworkSecurityGroup",
            "location": "eastus",
            "name": "NetworkSecurityGroup",
            "resource_group_name": "rg-python-pure-woodcock",
            "security_rule": [
              {
                "access": "Allow",
                "description": "",
                "destination_address_prefix": "*",
                "destination_address_prefixes": [],
                "destination_application_security_group_ids": [],
                "destination_port_range": "22",
                "destination_port_ranges": [],
                "direction": "Inbound",
                "name": "SSH",
                "priority": 1001,
                "protocol": "Tcp",
                "source_address_prefix": "*",
                "source_address_prefixes": [],
                "source_application_security_group_ids": [],
                "source_port_range": "*",
                "source_port_ranges": []
              }
            ],
            "tags": null,
            "timeouts": null
          },
          "sensitive_attributes": [],
          "private": "eyJlMmJmYjczMC1lY2FhLTExZTYtOGY4OC0zNDM2M2JjN2M0YzAiOnsiY3JlYXRlIjoxODAwMDAwMDAwMDAwLCJkZWxldGUiOjE4MDAwMDAwMDAwMDAsInJlYWQiOjMwMDAwMDAwMDAwMCwidXBkYXRlIjoxODAwMDAwMDAwMDAwfX0=",
          "dependencies": [
            "azurerm_resource_group.rgpy",
            "random_pet.rg_namepy"
          ]
        }
      ]
    },
    {
      "mode": "managed",
      "type": "azurerm_public_ip",
      "name": "my_terraform_public_ippy",
      "provider": "provider[\"registry.terraform.io/hashicorp/azurerm\"]",
      "instances": [
        {
          "schema_version": 0,
          "attributes": {
            "allocation_method": "Dynamic",
            "availability_zone": "No-Zone",
            "domain_name_label": null,
            "fqdn": null,
            "id": "/subscriptions/25e087ef-4926-4833-bc30-7b7e8aac7836/resourceGroups/rg-python-pure-woodcock/providers/Microsoft.Network/publicIPAddresses/PublicIP",
            "idle_timeout_in_minutes": 4,
            "ip_address": "",
            "ip_tags": null,
            "ip_version": "IPv4",
            "location": "eastus",
            "name": "PublicIP",
            "public_ip_prefix_id": null,
            "resource_group_name": "rg-python-pure-woodcock",
            "reverse_fqdn": null,
            "sku": "Basic",
            "sku_tier": "Regional",
            "tags": null,
            "timeouts": null,
            "zones": []
          },
          "sensitive_attributes": [],
          "private": "eyJlMmJmYjczMC1lY2FhLTExZTYtOGY4OC0zNDM2M2JjN2M0YzAiOnsiY3JlYXRlIjoxODAwMDAwMDAwMDAwLCJkZWxldGUiOjE4MDAwMDAwMDAwMDAsInJlYWQiOjMwMDAwMDAwMDAwMCwidXBkYXRlIjoxODAwMDAwMDAwMDAwfX0=",
          "dependencies": [
            "azurerm_resource_group.rgpy",
            "random_pet.rg_namepy"
          ]
        }
      ]
    },
    {
      "mode": "managed",
      "type": "azurerm_resource_group",
      "name": "rgpy",
      "provider": "provider[\"registry.terraform.io/hashicorp/azurerm\"]",
      "instances": [
        {
          "schema_version": 0,
          "attributes": {
            "id": "/subscriptions/25e087ef-4926-4833-bc30-7b7e8aac7836/resourceGroups/rg-python-pure-woodcock",
            "location": "eastus",
            "name": "rg-python-pure-woodcock",
            "tags": null,
            "timeouts": null
          },
          "sensitive_attributes": [],
          "private": "eyJlMmJmYjczMC1lY2FhLTExZTYtOGY4OC0zNDM2M2JjN2M0YzAiOnsiY3JlYXRlIjo1NDAwMDAwMDAwMDAwLCJkZWxldGUiOjU0MDAwMDAwMDAwMDAsInJlYWQiOjMwMDAwMDAwMDAwMCwidXBkYXRlIjo1NDAwMDAwMDAwMDAwfX0=",
          "dependencies": [
            "random_pet.rg_namepy"
          ]
        }
      ]
    },
    {
      "mode": "managed",
      "type": "azurerm_storage_account",
      "name": "my_storage_accountpy",
      "provider": "provider[\"registry.terraform.io/hashicorp/azurerm\"]",
      "instances": [
        {
          "schema_version": 2,
          "attributes": {
            "access_tier": "Hot",
            "account_kind": "StorageV2",
            "account_replication_type": "LRS",
            "account_tier": "Standard",
            "allow_blob_public_access": false,
            "azure_files_authentication": [],
            "blob_properties": [
              {
                "change_feed_enabled": false,
                "container_delete_retention_policy": [],
                "cors_rule": [],
                "default_service_version": "",
                "delete_retention_policy": [],
                "last_access_time_enabled": false,
                "versioning_enabled": false
              }
            ],
            "custom_domain": [],
            "customer_managed_key": [],
            "enable_https_traffic_only": true,
            "id": "/subscriptions/25e087ef-4926-4833-bc30-7b7e8aac7836/resourceGroups/rg-python-pure-woodcock/providers/Microsoft.Storage/storageAccounts/diag2a5d39f4a9b833c82",
            "identity": [],
            "infrastructure_encryption_enabled": false,
            "is_hns_enabled": false,
            "large_file_share_enabled": null,
            "location": "eastus",
            "min_tls_version": "TLS1_0",
            "name": "diag2a5d39f4a9b833c82",
            "network_rules": [
              {
                "bypass": [
                  "AzureServices"
                ],
                "default_action": "Allow",
                "ip_rules": [],
                "private_link_access": [],
                "virtual_network_subnet_ids": []
              }
            ],
            "nfsv3_enabled": false,
            "primary_access_key": "23baHv2H7uZipLt8ArwnkGAmKyTy66ilNWyzzoWYjQXMAjj0I4IAMarIEpg7u1Cp7vq8zjTa1KHv+ASt6O2dpQ==",
            "primary_blob_connection_string": "DefaultEndpointsProtocol=https;BlobEndpoint=https://diag2a5d39f4a9b833c82.blob.core.windows.net/;AccountName=diag2a5d39f4a9b833c82;AccountKey=23baHv2H7uZipLt8ArwnkGAmKyTy66ilNWyzzoWYjQXMAjj0I4IAMarIEpg7u1Cp7vq8zjTa1KHv+ASt6O2dpQ==",
            "primary_blob_endpoint": "https://diag2a5d39f4a9b833c82.blob.core.windows.net/",
            "primary_blob_host": "diag2a5d39f4a9b833c82.blob.core.windows.net",
            "primary_connection_string": "DefaultEndpointsProtocol=https;AccountName=diag2a5d39f4a9b833c82;AccountKey=23baHv2H7uZipLt8ArwnkGAmKyTy66ilNWyzzoWYjQXMAjj0I4IAMarIEpg7u1Cp7vq8zjTa1KHv+ASt6O2dpQ==;EndpointSuffix=core.windows.net",
            "primary_dfs_endpoint": "https://diag2a5d39f4a9b833c82.dfs.core.windows.net/",
            "primary_dfs_host": "diag2a5d39f4a9b833c82.dfs.core.windows.net",
            "primary_file_endpoint": "https://diag2a5d39f4a9b833c82.file.core.windows.net/",
            "primary_file_host": "diag2a5d39f4a9b833c82.file.core.windows.net",
            "primary_location": "eastus",
            "primary_queue_endpoint": "https://diag2a5d39f4a9b833c82.queue.core.windows.net/",
            "primary_queue_host": "diag2a5d39f4a9b833c82.queue.core.windows.net",
            "primary_table_endpoint": "https://diag2a5d39f4a9b833c82.table.core.windows.net/",
            "primary_table_host": "diag2a5d39f4a9b833c82.table.core.windows.net",
            "primary_web_endpoint": "https://diag2a5d39f4a9b833c82.z13.web.core.windows.net/",
            "primary_web_host": "diag2a5d39f4a9b833c82.z13.web.core.windows.net",
            "queue_encryption_key_type": "Service",
            "queue_properties": [
              {
                "cors_rule": [],
                "hour_metrics": [
                  {
                    "enabled": true,
                    "include_apis": true,
                    "retention_policy_days": 7,
                    "version": "1.0"
                  }
                ],
                "logging": [
                  {
                    "delete": false,
                    "read": false,
                    "retention_policy_days": 0,
                    "version": "1.0",
                    "write": false
                  }
                ],
                "minute_metrics": [
                  {
                    "enabled": false,
                    "include_apis": false,
                    "retention_policy_days": 0,
                    "version": "1.0"
                  }
                ]
              }
            ],
            "resource_group_name": "rg-python-pure-woodcock",
            "routing": [],
            "secondary_access_key": "W0XiHxjQeKGdVq27XDc8k00ssPw4ixIeJcCoI0OcggX5AzPQ40g6UrpyewUwqZsgSj4cvf9TLnHk+AStTaeZ5g==",
            "secondary_blob_connection_string": "",
            "secondary_blob_endpoint": null,
            "secondary_blob_host": null,
            "secondary_connection_string": "DefaultEndpointsProtocol=https;AccountName=diag2a5d39f4a9b833c82;AccountKey=W0XiHxjQeKGdVq27XDc8k00ssPw4ixIeJcCoI0OcggX5AzPQ40g6UrpyewUwqZsgSj4cvf9TLnHk+AStTaeZ5g==;EndpointSuffix=core.windows.net",
            "secondary_dfs_endpoint": null,
            "secondary_dfs_host": null,
            "secondary_file_endpoint": null,
            "secondary_file_host": null,
            "secondary_location": "",
            "secondary_queue_endpoint": null,
            "secondary_queue_host": null,
            "secondary_table_endpoint": null,
            "secondary_table_host": null,
            "secondary_web_endpoint": null,
            "secondary_web_host": null,
            "share_properties": [
              {
                "cors_rule": [],
                "retention_policy": [
                  {
                    "days": 7
                  }
                ],
                "smb": []
              }
            ],
            "shared_access_key_enabled": true,
            "static_website": [],
            "table_encryption_key_type": "Service",
            "tags": null,
            "timeouts": null
          },
          "sensitive_attributes": [],
          "private": "eyJlMmJmYjczMC1lY2FhLTExZTYtOGY4OC0zNDM2M2JjN2M0YzAiOnsiY3JlYXRlIjozNjAwMDAwMDAwMDAwLCJkZWxldGUiOjM2MDAwMDAwMDAwMDAsInJlYWQiOjMwMDAwMDAwMDAwMCwidXBkYXRlIjozNjAwMDAwMDAwMDAwfSwic2NoZW1hX3ZlcnNpb24iOiIyIn0=",
          "dependencies": [
            "azurerm_resource_group.rgpy",
            "random_id.random_idpy",
            "random_pet.rg_namepy"
          ]
        }
      ]
    },
    {
      "mode": "managed",
      "type": "azurerm_subnet",
      "name": "my_terraform_subnetpy",
      "provider": "provider[\"registry.terraform.io/hashicorp/azurerm\"]",
      "instances": [
        {
          "schema_version": 0,
          "attributes": {
            "address_prefix": "10.0.1.0/24",
            "address_prefixes": [
              "10.0.1.0/24"
            ],
            "delegation": [],
            "enforce_private_link_endpoint_network_policies": false,
            "enforce_private_link_service_network_policies": false,
            "id": "/subscriptions/25e087ef-4926-4833-bc30-7b7e8aac7836/resourceGroups/rg-python-pure-woodcock/providers/Microsoft.Network/virtualNetworks/Vnet/subnets/Subnet",
            "name": "Subnet",
            "resource_group_name": "rg-python-pure-woodcock",
            "service_endpoint_policy_ids": null,
            "service_endpoints": null,
            "timeouts": null,
            "virtual_network_name": "Vnet"
          },
          "sensitive_attributes": [],
          "private": "eyJlMmJmYjczMC1lY2FhLTExZTYtOGY4OC0zNDM2M2JjN2M0YzAiOnsiY3JlYXRlIjoxODAwMDAwMDAwMDAwLCJkZWxldGUiOjE4MDAwMDAwMDAwMDAsInJlYWQiOjMwMDAwMDAwMDAwMCwidXBkYXRlIjoxODAwMDAwMDAwMDAwfX0=",
          "dependencies": [
            "azurerm_resource_group.rgpy",
            "azurerm_virtual_network.my_terraform_networkpy",
            "random_pet.rg_namepy"
          ]
        }
      ]
    },
    {
      "mode": "managed",
      "type": "azurerm_virtual_network",
      "name": "my_terraform_networkpy",
      "provider": "provider[\"registry.terraform.io/hashicorp/azurerm\"]",
      "instances": [
        {
          "schema_version": 0,
          "attributes": {
            "address_space": [
              "10.0.0.0/16"
            ],
            "bgp_community": "",
            "ddos_protection_plan": [],
            "dns_servers": [],
            "flow_timeout_in_minutes": 0,
            "guid": "d6b774ec-b479-469a-9031-7ed908f80d5f",
            "id": "/subscriptions/25e087ef-4926-4833-bc30-7b7e8aac7836/resourceGroups/rg-python-pure-woodcock/providers/Microsoft.Network/virtualNetworks/Vnet",
            "location": "eastus",
            "name": "Vnet",
            "resource_group_name": "rg-python-pure-woodcock",
            "subnet": [],
            "tags": null,
            "timeouts": null,
            "vm_protection_enabled": false
          },
          "sensitive_attributes": [],
          "private": "eyJlMmJmYjczMC1lY2FhLTExZTYtOGY4OC0zNDM2M2JjN2M0YzAiOnsiY3JlYXRlIjoxODAwMDAwMDAwMDAwLCJkZWxldGUiOjE4MDAwMDAwMDAwMDAsInJlYWQiOjMwMDAwMDAwMDAwMCwidXBkYXRlIjoxODAwMDAwMDAwMDAwfX0=",
          "dependencies": [
            "azurerm_resource_group.rgpy",
            "random_pet.rg_namepy"
          ]
        }
      ]
    },
    {
      "mode": "managed",
      "type": "random_id",
      "name": "random_idpy",
      "provider": "provider[\"registry.terraform.io/hashicorp/random\"]",
      "instances": [
        {
          "schema_version": 0,
          "attributes": {
            "b64_std": "Kl059Km4M8g=",
            "b64_url": "Kl059Km4M8g",
            "byte_length": 8,
            "dec": "3052659845409289160",
            "hex": "2a5d39f4a9b833c8",
            "id": "Kl059Km4M8g",
            "keepers": {
              "resource_group": "rg-python-pure-woodcock"
            },
            "prefix": null
          },
          "sensitive_attributes": [],
          "dependencies": [
            "azurerm_resource_group.rgpy",
            "random_pet.rg_namepy"
          ]
        }
      ]
    },
    {
      "mode": "managed",
      "type": "random_pet",
      "name": "rg_namepy",
      "provider": "provider[\"registry.terraform.io/hashicorp/random\"]",
      "instances": [
        {
          "schema_version": 0,
          "attributes": {
            "id": "rg-python-pure-woodcock",
            "keepers": null,
            "length": 2,
            "prefix": "rg-python",
            "separator": "-"
          },
          "sensitive_attributes": []
        }
      ]
    },
    {
      "mode": "managed",
      "type": "random_pet",
      "name": "ssh_key_namepy",
      "provider": "provider[\"registry.terraform.io/hashicorp/random\"]",
      "instances": [
        {
          "schema_version": 0,
          "attributes": {
            "id": "sshrenewingskunk",
            "keepers": null,
            "length": 2,
            "prefix": "ssh",
            "separator": ""
          },
          "sensitive_attributes": []
        }
      ]
    }
  ],
  "check_results": null
}
