{
  "version": 4,
  "terraform_version": "1.6.2",
  "serial": 30,
  "lineage": "cc3899a7-0d9f-df63-e0ee-3e4734649395",
  "outputs": {
    "key_data": {
      "value": "ssh-rsa AAAAB3NzaC1yc2EAAAADAQABAAABgQDmNivAa0rzfFjVOOZ0NjLChO2sTRYscudJytjsIUm1j6w5zfq2uRPvjZ9CPxspaXXGjZxzjp6nARXcJDpakPGnmA2dCvcXxGYCKsSc1t2NHHAqo1srTRY+TdrmdUAYtydjLwyfuq0V8wxfe1zrdANdZ6XA/LtK5gayxB4/D4UGH5w7YwRCYDUe4GXtXEYQfE+A5+xwN4fI5DXStwkffN5j8mIdKasae0oC3HYcioQUG5sj2quaD1E8t8WxABbDL8yWGTM2oTUdwwpmMRfCHYeyaONZZTnVbxN+9AImSzDf5DDXs2iECSjjUwJG8L32dOFfUT74p1AKDw2BNIf/0XYvaHfnbaUvykVTNBQT+W1VjlrRYgWjiEgMAQj6li3WkQNkjTnNzI3/gSIhHraTm5ppgJV8/cZau8vkKTFGITQoZOE0me/L1McsI/nTr3ylXN7h+I/oOXg4loiR8oU29ksjoBrMStrqxXHZV8AXypF4T5AKFSeRmd4u06j2wVOfHnk= generated-by-azure",
      "type": "string"
    },
    "public_ip_address": {
      "value": "20.85.234.30",
      "type": "string"
    },
    "resource_group_name": {
      "value": "rg-noble-grouse",
      "type": "string"
    }
  },
  "resources": [
    {
      "mode": "managed",
      "type": "azapi_resource",
      "name": "ssh_public_key",
      "provider": "provider[\"registry.terraform.io/azure/azapi\"]",
      "instances": [
        {
          "schema_version": 0,
          "attributes": {
            "body": "{}",
            "id": "/subscriptions/25e087ef-4926-4833-bc30-7b7e8aac7836/resourceGroups/rg-noble-grouse/providers/Microsoft.Compute/sshPublicKeys/sshamusedcoyote",
            "identity": [],
            "ignore_body_changes": null,
            "ignore_casing": false,
            "ignore_missing_property": true,
            "location": "eastus",
            "locks": null,
            "name": "sshamusedcoyote",
            "output": "{}",
            "parent_id": "/subscriptions/25e087ef-4926-4833-bc30-7b7e8aac7836/resourceGroups/rg-noble-grouse",
            "removing_special_chars": false,
            "response_export_values": null,
            "schema_validation_enabled": true,
            "tags": {},
            "timeouts": null,
            "type": "Microsoft.Compute/sshPublicKeys@2022-11-01"
          },
          "sensitive_attributes": [],
          "private": "eyJlMmJmYjczMC1lY2FhLTExZTYtOGY4OC0zNDM2M2JjN2M0YzAiOnsiY3JlYXRlIjoxODAwMDAwMDAwMDAwLCJkZWxldGUiOjE4MDAwMDAwMDAwMDAsInJlYWQiOjMwMDAwMDAwMDAwMCwidXBkYXRlIjoxODAwMDAwMDAwMDAwfX0=",
          "dependencies": [
            "azurerm_resource_group.rg",
            "random_pet.rg_name",
            "random_pet.ssh_key_name"
          ]
        }
      ]
    },
    {
      "mode": "managed",
      "type": "azapi_resource_action",
      "name": "ssh_public_key_gen",
      "provider": "provider[\"registry.terraform.io/azure/azapi\"]",
      "instances": [
        {
          "schema_version": 0,
          "attributes": {
            "action": "generateKeyPair",
            "body": null,
            "id": "/subscriptions/25e087ef-4926-4833-bc30-7b7e8aac7836/resourceGroups/rg-noble-grouse/providers/Microsoft.Compute/sshPublicKeys/sshamusedcoyote/generateKeyPair",
            "locks": null,
            "method": "POST",
            "output": "{\"privateKey\":\"-----BEGIN RSA PRIVATE KEY-----\\r\\nMIIG5AIBAAKCAYEA5jYrwGtK83xY1TjmdDYywoTtrE0WLHLnScrY7CFJtY+sOc36\\r\\ntrkT742fQj8bKWl1xo2cc46epwEV3CQ6WpDxp5gNnQr3F8RmAirEnNbdjRxwKqNb\\r\\nK00WPk3a5nVAGLcnYy8Mn7qtFfMMX3tc63QDXWelwPy7SuYGssQePw+FBh+cO2ME\\r\\nQmA1HuBl7VxGEHxPgOfscDeHyOQ10rcJH3zeY/JiHSmrGntKAtx2HIqEFBubI9qr\\r\\nmg9RPLfFsQAWwy/MlhkzNqE1HcMKZjEXwh2HsmjjWWU51W8TfvQCJksw3+Qw17No\\r\\nhAko41MCRvC99nThX1E++KdQCg8NgTSH/9F2L2h3522lL8pFUzQUE/ltVY5a0WIF\\r\\no4hIDAEI+pYt1pEDZI05zcyN/4EiIR62k5uaaYCVfP3GWrvL5CkxRiE0KGThNJnv\\r\\ny9THLCP50698pVze4fiP6Dl4OJaIkfKFNvZLI6AazEra6sVx2VfAF8qReE+QChUn\\r\\nkZneLtOo9sFTnx55AgMBAAECggGBANDIvmNTq3UqCDLQ2Qj6goyyHA/RFdQYHbVq\\r\\nF9QH2J6mf68pJUGElxUCXzaonwyuzZbWpdaTuUWDEX1HCflLTS8PEwGjiTdv8ofy\\r\\nm8AWinZJHV0+LBgYYJz+5RFvs0L3EOy+JffTSNkIRedurXYJEGgs8UIWtBIYjmig\\r\\nv0G35JAKKRofEiTUtjibkTV1I0IeS8iADoozgp1qg3nocIizKcqBcAQ83yY0PIpd\\r\\nwWzfHyxRYSFiV5FwZN/pV4zQpNQ+yte3T9edwz6l36IMoRMqHYqle2FLq6zQVIk2\\r\\n41SFXwMD9SvX8/Xq+LYtzaWacqX9s2OMOJmmEbccQS7yH3rg3jZrTZN+/q+k3q12\\r\\ne5wGh8yXJkSqpLxociO18zVgwfRKXkmnSLPUZMDdjz1SzNetvnH5bLX88njU8D1B\\r\\nx1/m+9OcI17Lqgef4TXwkWMaPa4zpSOr6/YmtmwzcrGkyveSwOXRUnjyFpQ5Msdw\\r\\nF9z3S+zNVBNiso7dn7WXN33eFFzl1QKBwQDswUZapI2m/fPOI9snYPNk1+quVSpJ\\r\\nDHkI0pbcWjKGGwFhC2dr4Udu+2fI2SNFWQCLO5AzjJr3mwL52LlJZovk/iqi0ep4\\r\\n9QVxEW13678xmfRscqIAug80rNcYTE6TMUUhdM/Lm8t3uPuzbMGDK1MX/FfVwXl6\\r\\n1i9w+WS9nqH2ZVuwW1CqlT4XqNk3MXKd2gUvJtmM9AS3o7dwqdjO990/3rvoOw3d\\r\\nREKx5ZZU1F4cEAeFOwR2bJvxWf91liKYIBMCgcEA+Oy7hIiJLL5ZzDR8lBKgoGd/\\r\\nlHNJk1qgCWnmj19xKtAfkSGg5FZrmEc8wXr7ACak8RTnCK33AQ2Etg8Zz5LkpJK6\\r\\nZbtLkBnxGeB9Szr+7G2SW4Hd89njNzZ2ou+TuJgZUE6ZlqEacO1XX+qnrUP4mnmL\\r\\nHCuDfCtCuVcjGkcBW8gB9hxcCYeL2I64CWps+D7U3Dxew1pzNhDutwfHxH1ZKnSE\\r\\npl+PwvrrZqTxPDSThRLryjA/tQH6jVmy7H13/JDDAoHAC5ij44ivz4Ac0vn6oAEl\\r\\nqsjQm91cBtvvibkW3pAkbWEhPima1TPhldQGj1XjXmAvoKI4O+4lIP+cs7Qjzy6Q\\r\\np5SzbeouO+J0c8dQv1DyunE6AZ3TxYlXeVMF7hC+wILnSe44x1ZILwMGgRFQoSYc\\r\\nGc6oVrX1R0j6ZeQxRQBiGnl4djjiyJgqxGnmycdIP+cP3fFfMoI5QO1p7MDE9844\\r\\nLgqw1X0e/rl7Ms91/42vVlyKocH0RACp2rZ3xsClzSG1AoHAIVouwdI9dvZGN9ss\\r\\nefaI+RUE/hH4YLr6yGgdEUa7df4OzLZRxWZi4jNhS5c7vEhxPzAKyJnuh4CVMIOT\\r\\ndMF8yyQxv2G5/SPMryfqAcN01p7Txlj/MSYXkJVGjgxFoa0XbzAo2grZ7RmP5HUf\\r\\nZFLAI4p3fh3Cb0eomAa52FJ9Nxv0T1J7bndv4GM2+2P8F8LraFraY5hh6XOZWIK9\\r\\nXHFjGhIkl9oj+/78vXMKM4Pj5Cel2iBe2NTcCkZjd9ZT1k5bAoHBAOPiTwTDNLeZ\\r\\nEK9fvyguWebYUY0QebzeIJiFl+aIYXFee0rQ8eDrv19z6otkmS07vtkW59Tkaqz/\\r\\nv/tI4alHjuZi5Tk+Z408ZMLqUAvFZoudzSixMJ2P/FyVwfhX4UnMO9qyDp2fh5S5\\r\\nOkggMLPCLcD41eyy5m3mVxnYVZZNmhmHKCk3fMPT/+KD32lfVfSoF2SH4ZicKUDG\\r\\n/CjPkw+2yjfjdyF9nsC7AT7AxmCnDhErxf+xW06rk4tdFl3s7dWbZg==\\r\\n-----END RSA PRIVATE KEY-----\\r\\n\",\"publicKey\":\"ssh-rsa AAAAB3NzaC1yc2EAAAADAQABAAABgQDmNivAa0rzfFjVOOZ0NjLChO2sTRYscudJytjsIUm1j6w5zfq2uRPvjZ9CPxspaXXGjZxzjp6nARXcJDpakPGnmA2dCvcXxGYCKsSc1t2NHHAqo1srTRY+TdrmdUAYtydjLwyfuq0V8wxfe1zrdANdZ6XA/LtK5gayxB4/D4UGH5w7YwRCYDUe4GXtXEYQfE+A5+xwN4fI5DXStwkffN5j8mIdKasae0oC3HYcioQUG5sj2quaD1E8t8WxABbDL8yWGTM2oTUdwwpmMRfCHYeyaONZZTnVbxN+9AImSzDf5DDXs2iECSjjUwJG8L32dOFfUT74p1AKDw2BNIf/0XYvaHfnbaUvykVTNBQT+W1VjlrRYgWjiEgMAQj6li3WkQNkjTnNzI3/gSIhHraTm5ppgJV8/cZau8vkKTFGITQoZOE0me/L1McsI/nTr3ylXN7h+I/oOXg4loiR8oU29ksjoBrMStrqxXHZV8AXypF4T5AKFSeRmd4u06j2wVOfHnk= generated-by-azure\"}",
            "resource_id": "/subscriptions/25e087ef-4926-4833-bc30-7b7e8aac7836/resourceGroups/rg-noble-grouse/providers/Microsoft.Compute/sshPublicKeys/sshamusedcoyote",
            "response_export_values": [
              "publicKey",
              "privateKey"
            ],
            "timeouts": null,
            "type": "Microsoft.Compute/sshPublicKeys@2022-11-01"
          },
          "sensitive_attributes": [],
          "private": "eyJlMmJmYjczMC1lY2FhLTExZTYtOGY4OC0zNDM2M2JjN2M0YzAiOnsiY3JlYXRlIjoxODAwMDAwMDAwMDAwLCJkZWxldGUiOjE4MDAwMDAwMDAwMDAsInJlYWQiOjMwMDAwMDAwMDAwMCwidXBkYXRlIjoxODAwMDAwMDAwMDAwfX0=",
          "dependencies": [
            "azapi_resource.ssh_public_key",
            "azurerm_resource_group.rg",
            "random_pet.rg_name",
            "random_pet.ssh_key_name"
          ]
        }
      ]
    },
    {
      "mode": "managed",
      "type": "azurerm_linux_virtual_machine",
      "name": "my_terraform_vm",
      "provider": "provider[\"registry.terraform.io/hashicorp/azurerm\"]",
      "instances": [
        {
          "schema_version": 0,
          "attributes": {
            "additional_capabilities": [],
            "admin_password": null,
            "admin_ssh_key": [
              {
                "public_key": "ssh-rsa AAAAB3NzaC1yc2EAAAADAQABAAABgQDmNivAa0rzfFjVOOZ0NjLChO2sTRYscudJytjsIUm1j6w5zfq2uRPvjZ9CPxspaXXGjZxzjp6nARXcJDpakPGnmA2dCvcXxGYCKsSc1t2NHHAqo1srTRY+TdrmdUAYtydjLwyfuq0V8wxfe1zrdANdZ6XA/LtK5gayxB4/D4UGH5w7YwRCYDUe4GXtXEYQfE+A5+xwN4fI5DXStwkffN5j8mIdKasae0oC3HYcioQUG5sj2quaD1E8t8WxABbDL8yWGTM2oTUdwwpmMRfCHYeyaONZZTnVbxN+9AImSzDf5DDXs2iECSjjUwJG8L32dOFfUT74p1AKDw2BNIf/0XYvaHfnbaUvykVTNBQT+W1VjlrRYgWjiEgMAQj6li3WkQNkjTnNzI3/gSIhHraTm5ppgJV8/cZau8vkKTFGITQoZOE0me/L1McsI/nTr3ylXN7h+I/oOXg4loiR8oU29ksjoBrMStrqxXHZV8AXypF4T5AKFSeRmd4u06j2wVOfHnk= generated-by-azure",
                "username": "azureadmin"
              }
            ],
            "admin_username": "azureadmin",
            "allow_extension_operations": true,
            "availability_set_id": "",
            "boot_diagnostics": [
              {
                "storage_account_uri": "https://diag13d19f5f77395cca.blob.core.windows.net/"
              }
            ],
            "computer_name": "hostname",
            "custom_data": null,
            "dedicated_host_group_id": "",
            "dedicated_host_id": "",
            "disable_password_authentication": true,
            "encryption_at_host_enabled": false,
            "eviction_policy": "",
            "extensions_time_budget": "PT1H30M",
            "id": "/subscriptions/25e087ef-4926-4833-bc30-7b7e8aac7836/resourceGroups/rg-noble-grouse/providers/Microsoft.Compute/virtualMachines/myDBVM",
            "identity": [],
            "license_type": "",
            "location": "eastus",
            "max_bid_price": -1,
            "name": "myDBVM",
            "network_interface_ids": [
              "/subscriptions/25e087ef-4926-4833-bc30-7b7e8aac7836/resourceGroups/rg-noble-grouse/providers/Microsoft.Network/networkInterfaces/myNIC"
            ],
            "os_disk": [
              {
                "caching": "ReadWrite",
                "diff_disk_settings": [],
                "disk_encryption_set_id": "",
                "disk_size_gb": 30,
                "name": "myOsDisk",
                "storage_account_type": "Premium_LRS",
                "write_accelerator_enabled": false
              }
            ],
            "patch_mode": "ImageDefault",
            "plan": [],
            "platform_fault_domain": -1,
            "priority": "Regular",
            "private_ip_address": "10.0.1.4",
            "private_ip_addresses": [
              "10.0.1.4"
            ],
            "provision_vm_agent": true,
            "proximity_placement_group_id": "",
            "public_ip_address": "20.85.234.30",
            "public_ip_addresses": [
              "20.85.234.30"
            ],
            "resource_group_name": "rg-noble-grouse",
            "secret": [],
            "secure_boot_enabled": false,
            "size": "Standard_DS1_v2",
            "source_image_id": "",
            "source_image_reference": [
              {
                "offer": "0001-com-ubuntu-server-jammy",
                "publisher": "Canonical",
                "sku": "22_04-lts-gen2",
                "version": "latest"
              }
            ],
            "tags": null,
            "timeouts": null,
            "user_data": "",
            "virtual_machine_id": "45c776f9-eb34-4ca0-9ec6-1bd1d474484a",
            "virtual_machine_scale_set_id": "",
            "vtpm_enabled": false,
            "zone": ""
          },
          "sensitive_attributes": [],
          "private": "eyJlMmJmYjczMC1lY2FhLTExZTYtOGY4OC0zNDM2M2JjN2M0YzAiOnsiY3JlYXRlIjoyNzAwMDAwMDAwMDAwLCJkZWxldGUiOjI3MDAwMDAwMDAwMDAsInJlYWQiOjMwMDAwMDAwMDAwMCwidXBkYXRlIjoyNzAwMDAwMDAwMDAwfX0=",
          "dependencies": [
            "azapi_resource.ssh_public_key",
            "azapi_resource_action.ssh_public_key_gen",
            "azurerm_network_interface.my_terraform_nic",
            "azurerm_public_ip.my_terraform_public_ip",
            "azurerm_resource_group.rg",
            "azurerm_storage_account.my_storage_account",
            "azurerm_subnet.my_terraform_subnet",
            "azurerm_virtual_network.my_terraform_network",
            "random_id.random_id",
            "random_pet.rg_name",
            "random_pet.ssh_key_name"
          ]
        }
      ]
    },
    {
      "mode": "managed",
      "type": "azurerm_network_interface",
      "name": "my_terraform_nic",
      "provider": "provider[\"registry.terraform.io/hashicorp/azurerm\"]",
      "instances": [
        {
          "schema_version": 0,
          "attributes": {
            "applied_dns_servers": [],
            "dns_servers": [],
            "enable_accelerated_networking": false,
            "enable_ip_forwarding": false,
            "id": "/subscriptions/25e087ef-4926-4833-bc30-7b7e8aac7836/resourceGroups/rg-noble-grouse/providers/Microsoft.Network/networkInterfaces/myNIC",
            "internal_dns_name_label": "",
            "internal_domain_name_suffix": "1y0wlek5g5sepm3r4lplflhama.bx.internal.cloudapp.net",
            "ip_configuration": [
              {
                "gateway_load_balancer_frontend_ip_configuration_id": "",
                "name": "my_nic_configuration",
                "primary": true,
                "private_ip_address": "10.0.1.4",
                "private_ip_address_allocation": "Dynamic",
                "private_ip_address_version": "IPv4",
                "public_ip_address_id": "/subscriptions/25e087ef-4926-4833-bc30-7b7e8aac7836/resourceGroups/rg-noble-grouse/providers/Microsoft.Network/publicIPAddresses/myPublicIP",
                "subnet_id": "/subscriptions/25e087ef-4926-4833-bc30-7b7e8aac7836/resourceGroups/rg-noble-grouse/providers/Microsoft.Network/virtualNetworks/myVnet/subnets/mySubnet"
              }
            ],
            "location": "eastus",
            "mac_address": "",
            "name": "myNIC",
            "private_ip_address": "10.0.1.4",
            "private_ip_addresses": [
              "10.0.1.4"
            ],
            "resource_group_name": "rg-noble-grouse",
            "tags": null,
            "timeouts": null,
            "virtual_machine_id": ""
          },
          "sensitive_attributes": [],
          "private": "eyJlMmJmYjczMC1lY2FhLTExZTYtOGY4OC0zNDM2M2JjN2M0YzAiOnsiY3JlYXRlIjoxODAwMDAwMDAwMDAwLCJkZWxldGUiOjE4MDAwMDAwMDAwMDAsInJlYWQiOjMwMDAwMDAwMDAwMCwidXBkYXRlIjoxODAwMDAwMDAwMDAwfX0=",
          "dependencies": [
            "azurerm_public_ip.my_terraform_public_ip",
            "azurerm_resource_group.rg",
            "azurerm_subnet.my_terraform_subnet",
            "azurerm_virtual_network.my_terraform_network",
            "random_pet.rg_name"
          ]
        }
      ]
    },
    {
      "mode": "managed",
      "type": "azurerm_network_interface_security_group_association",
      "name": "example",
      "provider": "provider[\"registry.terraform.io/hashicorp/azurerm\"]",
      "instances": [
        {
          "schema_version": 0,
          "attributes": {
            "id": "/subscriptions/25e087ef-4926-4833-bc30-7b7e8aac7836/resourceGroups/rg-noble-grouse/providers/Microsoft.Network/networkInterfaces/myNIC|/subscriptions/25e087ef-4926-4833-bc30-7b7e8aac7836/resourceGroups/rg-noble-grouse/providers/Microsoft.Network/networkSecurityGroups/myNetworkSecurityGroup",
            "network_interface_id": "/subscriptions/25e087ef-4926-4833-bc30-7b7e8aac7836/resourceGroups/rg-noble-grouse/providers/Microsoft.Network/networkInterfaces/myNIC",
            "network_security_group_id": "/subscriptions/25e087ef-4926-4833-bc30-7b7e8aac7836/resourceGroups/rg-noble-grouse/providers/Microsoft.Network/networkSecurityGroups/myNetworkSecurityGroup",
            "timeouts": null
          },
          "sensitive_attributes": [],
          "private": "eyJlMmJmYjczMC1lY2FhLTExZTYtOGY4OC0zNDM2M2JjN2M0YzAiOnsiY3JlYXRlIjoxODAwMDAwMDAwMDAwLCJkZWxldGUiOjE4MDAwMDAwMDAwMDAsInJlYWQiOjMwMDAwMDAwMDAwMCwidXBkYXRlIjoxODAwMDAwMDAwMDAwfX0=",
          "dependencies": [
            "azurerm_network_interface.my_terraform_nic",
            "azurerm_network_security_group.my_terraform_nsg",
            "azurerm_public_ip.my_terraform_public_ip",
            "azurerm_resource_group.rg",
            "azurerm_subnet.my_terraform_subnet",
            "azurerm_virtual_network.my_terraform_network",
            "random_pet.rg_name"
          ]
        }
      ]
    },
    {
      "mode": "managed",
      "type": "azurerm_network_security_group",
      "name": "my_terraform_nsg",
      "provider": "provider[\"registry.terraform.io/hashicorp/azurerm\"]",
      "instances": [
        {
          "schema_version": 0,
          "attributes": {
            "id": "/subscriptions/25e087ef-4926-4833-bc30-7b7e8aac7836/resourceGroups/rg-noble-grouse/providers/Microsoft.Network/networkSecurityGroups/myNetworkSecurityGroup",
            "location": "eastus",
            "name": "myNetworkSecurityGroup",
            "resource_group_name": "rg-noble-grouse",
            "security_rule": [
              {
                "access": "Allow",
                "description": "",
                "destination_address_prefix": "*",
                "destination_address_prefixes": [],
                "destination_application_security_group_ids": [],
                "destination_port_range": "22",
                "destination_port_ranges": [],
                "direction": "Inbound",
                "name": "SSH",
                "priority": 1001,
                "protocol": "Tcp",
                "source_address_prefix": "*",
                "source_address_prefixes": [],
                "source_application_security_group_ids": [],
                "source_port_range": "*",
                "source_port_ranges": []
              }
            ],
            "tags": null,
            "timeouts": null
          },
          "sensitive_attributes": [],
          "private": "eyJlMmJmYjczMC1lY2FhLTExZTYtOGY4OC0zNDM2M2JjN2M0YzAiOnsiY3JlYXRlIjoxODAwMDAwMDAwMDAwLCJkZWxldGUiOjE4MDAwMDAwMDAwMDAsInJlYWQiOjMwMDAwMDAwMDAwMCwidXBkYXRlIjoxODAwMDAwMDAwMDAwfX0=",
          "dependencies": [
            "azurerm_resource_group.rg",
            "random_pet.rg_name"
          ]
        }
      ]
    },
    {
      "mode": "managed",
      "type": "azurerm_public_ip",
      "name": "my_terraform_public_ip",
      "provider": "provider[\"registry.terraform.io/hashicorp/azurerm\"]",
      "instances": [
        {
          "schema_version": 0,
          "attributes": {
            "allocation_method": "Dynamic",
            "availability_zone": "No-Zone",
            "domain_name_label": null,
            "fqdn": null,
            "id": "/subscriptions/25e087ef-4926-4833-bc30-7b7e8aac7836/resourceGroups/rg-noble-grouse/providers/Microsoft.Network/publicIPAddresses/myPublicIP",
            "idle_timeout_in_minutes": 4,
            "ip_address": "",
            "ip_tags": null,
            "ip_version": "IPv4",
            "location": "eastus",
            "name": "myPublicIP",
            "public_ip_prefix_id": null,
            "resource_group_name": "rg-noble-grouse",
            "reverse_fqdn": null,
            "sku": "Basic",
            "sku_tier": "Regional",
            "tags": null,
            "timeouts": null,
            "zones": []
          },
          "sensitive_attributes": [],
          "private": "eyJlMmJmYjczMC1lY2FhLTExZTYtOGY4OC0zNDM2M2JjN2M0YzAiOnsiY3JlYXRlIjoxODAwMDAwMDAwMDAwLCJkZWxldGUiOjE4MDAwMDAwMDAwMDAsInJlYWQiOjMwMDAwMDAwMDAwMCwidXBkYXRlIjoxODAwMDAwMDAwMDAwfX0=",
          "dependencies": [
            "azurerm_resource_group.rg",
            "random_pet.rg_name"
          ]
        }
      ]
    },
    {
      "mode": "managed",
      "type": "azurerm_resource_group",
      "name": "rg",
      "provider": "provider[\"registry.terraform.io/hashicorp/azurerm\"]",
      "instances": [
        {
          "schema_version": 0,
          "attributes": {
            "id": "/subscriptions/25e087ef-4926-4833-bc30-7b7e8aac7836/resourceGroups/rg-noble-grouse",
            "location": "eastus",
            "name": "rg-noble-grouse",
            "tags": null,
            "timeouts": null
          },
          "sensitive_attributes": [],
          "private": "eyJlMmJmYjczMC1lY2FhLTExZTYtOGY4OC0zNDM2M2JjN2M0YzAiOnsiY3JlYXRlIjo1NDAwMDAwMDAwMDAwLCJkZWxldGUiOjU0MDAwMDAwMDAwMDAsInJlYWQiOjMwMDAwMDAwMDAwMCwidXBkYXRlIjo1NDAwMDAwMDAwMDAwfX0=",
          "dependencies": [
            "random_pet.rg_name"
          ]
        }
      ]
    },
    {
      "mode": "managed",
      "type": "azurerm_storage_account",
      "name": "my_storage_account",
      "provider": "provider[\"registry.terraform.io/hashicorp/azurerm\"]",
      "instances": [
        {
          "schema_version": 2,
          "attributes": {
            "access_tier": "Hot",
            "account_kind": "StorageV2",
            "account_replication_type": "LRS",
            "account_tier": "Standard",
            "allow_blob_public_access": false,
            "azure_files_authentication": [],
            "blob_properties": [
              {
                "change_feed_enabled": false,
                "container_delete_retention_policy": [],
                "cors_rule": [],
                "default_service_version": "",
                "delete_retention_policy": [],
                "last_access_time_enabled": false,
                "versioning_enabled": false
              }
            ],
            "custom_domain": [],
            "customer_managed_key": [],
            "enable_https_traffic_only": true,
            "id": "/subscriptions/25e087ef-4926-4833-bc30-7b7e8aac7836/resourceGroups/rg-noble-grouse/providers/Microsoft.Storage/storageAccounts/diag13d19f5f77395cca",
            "identity": [],
            "infrastructure_encryption_enabled": false,
            "is_hns_enabled": false,
            "large_file_share_enabled": null,
            "location": "eastus",
            "min_tls_version": "TLS1_0",
            "name": "diag13d19f5f77395cca",
            "network_rules": [
              {
                "bypass": [
                  "AzureServices"
                ],
                "default_action": "Allow",
                "ip_rules": [],
                "private_link_access": [],
                "virtual_network_subnet_ids": []
              }
            ],
            "nfsv3_enabled": false,
            "primary_access_key": "zMhIDk8XMxtQ1HHhB3oXsqrV7bJWECbGOVD3igM/xFJhtV4xWz+vPIo71nQXguLQjVwHaFgZmKL5+AStGGyumA==",
            "primary_blob_connection_string": "DefaultEndpointsProtocol=https;BlobEndpoint=https://diag13d19f5f77395cca.blob.core.windows.net/;AccountName=diag13d19f5f77395cca;AccountKey=zMhIDk8XMxtQ1HHhB3oXsqrV7bJWECbGOVD3igM/xFJhtV4xWz+vPIo71nQXguLQjVwHaFgZmKL5+AStGGyumA==",
            "primary_blob_endpoint": "https://diag13d19f5f77395cca.blob.core.windows.net/",
            "primary_blob_host": "diag13d19f5f77395cca.blob.core.windows.net",
            "primary_connection_string": "DefaultEndpointsProtocol=https;AccountName=diag13d19f5f77395cca;AccountKey=zMhIDk8XMxtQ1HHhB3oXsqrV7bJWECbGOVD3igM/xFJhtV4xWz+vPIo71nQXguLQjVwHaFgZmKL5+AStGGyumA==;EndpointSuffix=core.windows.net",
            "primary_dfs_endpoint": "https://diag13d19f5f77395cca.dfs.core.windows.net/",
            "primary_dfs_host": "diag13d19f5f77395cca.dfs.core.windows.net",
            "primary_file_endpoint": "https://diag13d19f5f77395cca.file.core.windows.net/",
            "primary_file_host": "diag13d19f5f77395cca.file.core.windows.net",
            "primary_location": "eastus",
            "primary_queue_endpoint": "https://diag13d19f5f77395cca.queue.core.windows.net/",
            "primary_queue_host": "diag13d19f5f77395cca.queue.core.windows.net",
            "primary_table_endpoint": "https://diag13d19f5f77395cca.table.core.windows.net/",
            "primary_table_host": "diag13d19f5f77395cca.table.core.windows.net",
            "primary_web_endpoint": "https://diag13d19f5f77395cca.z13.web.core.windows.net/",
            "primary_web_host": "diag13d19f5f77395cca.z13.web.core.windows.net",
            "queue_encryption_key_type": "Service",
            "queue_properties": [
              {
                "cors_rule": [],
                "hour_metrics": [
                  {
                    "enabled": true,
                    "include_apis": true,
                    "retention_policy_days": 7,
                    "version": "1.0"
                  }
                ],
                "logging": [
                  {
                    "delete": false,
                    "read": false,
                    "retention_policy_days": 0,
                    "version": "1.0",
                    "write": false
                  }
                ],
                "minute_metrics": [
                  {
                    "enabled": false,
                    "include_apis": false,
                    "retention_policy_days": 0,
                    "version": "1.0"
                  }
                ]
              }
            ],
            "resource_group_name": "rg-noble-grouse",
            "routing": [],
            "secondary_access_key": "1PeSvLxjffng7KSRMM53X5fVpT6WDcVP1keI3u3wTLgnDkDQrA96/8c0Xy6xRyIYw+fV4r9Vot+R+AStHhuuTA==",
            "secondary_blob_connection_string": "",
            "secondary_blob_endpoint": null,
            "secondary_blob_host": null,
            "secondary_connection_string": "DefaultEndpointsProtocol=https;AccountName=diag13d19f5f77395cca;AccountKey=1PeSvLxjffng7KSRMM53X5fVpT6WDcVP1keI3u3wTLgnDkDQrA96/8c0Xy6xRyIYw+fV4r9Vot+R+AStHhuuTA==;EndpointSuffix=core.windows.net",
            "secondary_dfs_endpoint": null,
            "secondary_dfs_host": null,
            "secondary_file_endpoint": null,
            "secondary_file_host": null,
            "secondary_location": "",
            "secondary_queue_endpoint": null,
            "secondary_queue_host": null,
            "secondary_table_endpoint": null,
            "secondary_table_host": null,
            "secondary_web_endpoint": null,
            "secondary_web_host": null,
            "share_properties": [
              {
                "cors_rule": [],
                "retention_policy": [
                  {
                    "days": 7
                  }
                ],
                "smb": []
              }
            ],
            "shared_access_key_enabled": true,
            "static_website": [],
            "table_encryption_key_type": "Service",
            "tags": null,
            "timeouts": null
          },
          "sensitive_attributes": [],
          "private": "eyJlMmJmYjczMC1lY2FhLTExZTYtOGY4OC0zNDM2M2JjN2M0YzAiOnsiY3JlYXRlIjozNjAwMDAwMDAwMDAwLCJkZWxldGUiOjM2MDAwMDAwMDAwMDAsInJlYWQiOjMwMDAwMDAwMDAwMCwidXBkYXRlIjozNjAwMDAwMDAwMDAwfSwic2NoZW1hX3ZlcnNpb24iOiIyIn0=",
          "dependencies": [
            "azurerm_resource_group.rg",
            "random_id.random_id",
            "random_pet.rg_name"
          ]
        }
      ]
    },
    {
      "mode": "managed",
      "type": "azurerm_subnet",
      "name": "my_terraform_subnet",
      "provider": "provider[\"registry.terraform.io/hashicorp/azurerm\"]",
      "instances": [
        {
          "schema_version": 0,
          "attributes": {
            "address_prefix": "10.0.1.0/24",
            "address_prefixes": [
              "10.0.1.0/24"
            ],
            "delegation": [],
            "enforce_private_link_endpoint_network_policies": false,
            "enforce_private_link_service_network_policies": false,
            "id": "/subscriptions/25e087ef-4926-4833-bc30-7b7e8aac7836/resourceGroups/rg-noble-grouse/providers/Microsoft.Network/virtualNetworks/myVnet/subnets/mySubnet",
            "name": "mySubnet",
            "resource_group_name": "rg-noble-grouse",
            "service_endpoint_policy_ids": null,
            "service_endpoints": null,
            "timeouts": null,
            "virtual_network_name": "myVnet"
          },
          "sensitive_attributes": [],
          "private": "eyJlMmJmYjczMC1lY2FhLTExZTYtOGY4OC0zNDM2M2JjN2M0YzAiOnsiY3JlYXRlIjoxODAwMDAwMDAwMDAwLCJkZWxldGUiOjE4MDAwMDAwMDAwMDAsInJlYWQiOjMwMDAwMDAwMDAwMCwidXBkYXRlIjoxODAwMDAwMDAwMDAwfX0=",
          "dependencies": [
            "azurerm_resource_group.rg",
            "azurerm_virtual_network.my_terraform_network",
            "random_pet.rg_name"
          ]
        }
      ]
    },
    {
      "mode": "managed",
      "type": "azurerm_virtual_network",
      "name": "my_terraform_network",
      "provider": "provider[\"registry.terraform.io/hashicorp/azurerm\"]",
      "instances": [
        {
          "schema_version": 0,
          "attributes": {
            "address_space": [
              "10.0.0.0/16"
            ],
            "bgp_community": "",
            "ddos_protection_plan": [],
            "dns_servers": [],
            "flow_timeout_in_minutes": 0,
            "guid": "916535de-375f-47e4-b3b1-f2deb2ace060",
            "id": "/subscriptions/25e087ef-4926-4833-bc30-7b7e8aac7836/resourceGroups/rg-noble-grouse/providers/Microsoft.Network/virtualNetworks/myVnet",
            "location": "eastus",
            "name": "myVnet",
            "resource_group_name": "rg-noble-grouse",
            "subnet": [],
            "tags": null,
            "timeouts": null,
            "vm_protection_enabled": false
          },
          "sensitive_attributes": [],
          "private": "eyJlMmJmYjczMC1lY2FhLTExZTYtOGY4OC0zNDM2M2JjN2M0YzAiOnsiY3JlYXRlIjoxODAwMDAwMDAwMDAwLCJkZWxldGUiOjE4MDAwMDAwMDAwMDAsInJlYWQiOjMwMDAwMDAwMDAwMCwidXBkYXRlIjoxODAwMDAwMDAwMDAwfX0=",
          "dependencies": [
            "azurerm_resource_group.rg",
            "random_pet.rg_name"
          ]
        }
      ]
    },
    {
      "mode": "managed",
      "type": "random_id",
      "name": "random_id",
      "provider": "provider[\"registry.terraform.io/hashicorp/random\"]",
      "instances": [
        {
          "schema_version": 0,
          "attributes": {
            "b64_std": "E9GfX3c5XMo=",
            "b64_url": "E9GfX3c5XMo",
            "byte_length": 8,
            "dec": "1428097789224115402",
            "hex": "13d19f5f77395cca",
            "id": "E9GfX3c5XMo",
            "keepers": {
              "resource_group": "rg-noble-grouse"
            },
            "prefix": null
          },
          "sensitive_attributes": [],
          "dependencies": [
            "azurerm_resource_group.rg",
            "random_pet.rg_name"
          ]
        }
      ]
    },
    {
      "mode": "managed",
      "type": "random_pet",
      "name": "rg_name",
      "provider": "provider[\"registry.terraform.io/hashicorp/random\"]",
      "instances": [
        {
          "schema_version": 0,
          "attributes": {
            "id": "rg-noble-grouse",
            "keepers": null,
            "length": 2,
            "prefix": "rg",
            "separator": "-"
          },
          "sensitive_attributes": []
        }
      ]
    },
    {
      "mode": "managed",
      "type": "random_pet",
      "name": "ssh_key_name",
      "provider": "provider[\"registry.terraform.io/hashicorp/random\"]",
      "instances": [
        {
          "schema_version": 0,
          "attributes": {
            "id": "sshamusedcoyote",
            "keepers": null,
            "length": 2,
            "prefix": "ssh",
            "separator": ""
          },
          "sensitive_attributes": []
        }
      ]
    }
  ],
  "check_results": null
}
