{
  "version": 4,
  "terraform_version": "1.6.2",
  "serial": 43,
  "lineage": "cc3899a7-0d9f-df63-e0ee-3e4734649395",
  "outputs": {
    "key_data": {
      "value": "ssh-rsa AAAAB3NzaC1yc2EAAAADAQABAAABgQCh1BIlDnCGMGFSMhmGZ3Y2iC5EjjPzI/z0JoDZ22b0FWdtywzPNng66Djx/Z/6zCyiTfoPoUGFl2iMPQSuX7+V1FQ9TcdG1tusNJ+rnuZIOz7/6i2jQ5QasM2s1RbVJXAqBwn9UtgwieSswYRkeakWLiCUjl6hXDHhvvlpXe/HWaXfyfTznblxMKp+xqW7OXNKRG6ih014wvkRTzgLDuQglSVDpeKsq9xijc+7XGL7drLBOAiP5J1jqPePamrf4oaj/3WSXMkAo1nUKe6zcwH7G+P5Ojk4d54RyUY/HlzPdCgmqSc4usNRzdw1341U/cMsK6/kOKIVZ++ZlWObw8L76k2S+cA3acpJf4EBSHCtKlRGwUd0RpH/NYYwFkk1oA22IsBSQS9CUNyGa/aDeGB896Hz3b5eXYqONB0ydYvkRMMcVfmVHS1/8bkMVRw971YIrfrm8HG89pG4JAoE+mBiBrcDQgoMqRF6YllzQ6f84tlHSgtEr326KuLXUM77zFU= generated-by-azure",
      "type": "string"
    },
    "public_ip_address": {
      "value": "20.127.7.36",
      "type": "string"
    },
    "resource_group_name": {
      "value": "rg-noble-grouse",
      "type": "string"
    }
  },
  "resources": [
    {
      "mode": "managed",
      "type": "azapi_resource",
      "name": "ssh_public_key",
      "provider": "provider[\"registry.terraform.io/azure/azapi\"]",
      "instances": [
        {
          "schema_version": 0,
          "attributes": {
            "body": "{}",
            "id": "/subscriptions/25e087ef-4926-4833-bc30-7b7e8aac7836/resourceGroups/rg-noble-grouse/providers/Microsoft.Compute/sshPublicKeys/sshamusedcoyote",
            "identity": [],
            "ignore_body_changes": null,
            "ignore_casing": false,
            "ignore_missing_property": true,
            "location": "eastus",
            "locks": null,
            "name": "sshamusedcoyote",
            "output": "{}",
            "parent_id": "/subscriptions/25e087ef-4926-4833-bc30-7b7e8aac7836/resourceGroups/rg-noble-grouse",
            "removing_special_chars": false,
            "response_export_values": null,
            "schema_validation_enabled": true,
            "tags": {},
            "timeouts": null,
            "type": "Microsoft.Compute/sshPublicKeys@2022-11-01"
          },
          "sensitive_attributes": [],
          "private": "eyJlMmJmYjczMC1lY2FhLTExZTYtOGY4OC0zNDM2M2JjN2M0YzAiOnsiY3JlYXRlIjoxODAwMDAwMDAwMDAwLCJkZWxldGUiOjE4MDAwMDAwMDAwMDAsInJlYWQiOjMwMDAwMDAwMDAwMCwidXBkYXRlIjoxODAwMDAwMDAwMDAwfX0=",
          "dependencies": [
            "azurerm_resource_group.rg",
            "random_pet.rg_name",
            "random_pet.ssh_key_name"
          ]
        }
      ]
    },
    {
      "mode": "managed",
      "type": "azapi_resource_action",
      "name": "ssh_public_key_gen",
      "provider": "provider[\"registry.terraform.io/azure/azapi\"]",
      "instances": [
        {
          "schema_version": 0,
          "attributes": {
            "action": "generateKeyPair",
            "body": null,
            "id": "/subscriptions/25e087ef-4926-4833-bc30-7b7e8aac7836/resourceGroups/rg-noble-grouse/providers/Microsoft.Compute/sshPublicKeys/sshamusedcoyote/generateKeyPair",
            "locks": null,
            "method": "POST",
            "output": "{\"privateKey\":\"-----BEGIN RSA PRIVATE KEY-----\\r\\nMIIG4gIBAAKCAYEAodQSJQ5whjBhUjIZhmd2NoguRI4z8yP89CaA2dtm9BVnbcsM\\r\\nzzZ4Oug48f2f+swsok36D6FBhZdojD0Erl+/ldRUPU3HRtbbrDSfq57mSDs+/+ot\\r\\no0OUGrDNrNUW1SVwKgcJ/VLYMInkrMGEZHmpFi4glI5eoVwx4b75aV3vx1ml38n0\\r\\n8525cTCqfsaluzlzSkRuoodNeML5EU84Cw7kIJUlQ6XirKvcYo3Pu1xi+3aywTgI\\r\\nj+SdY6j3j2pq3+KGo/91klzJAKNZ1Cnus3MB+xvj+To5OHeeEclGPx5cz3QoJqkn\\r\\nOLrDUc3cNd+NVP3DLCuv5DiiFWfvmZVjm8PC++pNkvnAN2nKSX+BAUhwrSpURsFH\\r\\ndEaR/zWGMBZJNaANtiLAUkEvQlDchmv2g3hgfPeh892+Xl2KjjQdMnWL5ETDHFX5\\r\\nlR0tf/G5DFUcPe9WCK365vBxvPaRuCQKBPpgYga3A0IKDKkRemJZc0On/OLZR0oL\\r\\nRK99uiri11DO+8xVAgMBAAECggGAYM4f3JL6tQsT7LuTkVcq3AwywUffw77vfo3Z\\r\\n3njk6XY0XPVuQDZxTavFBN2Xacvhl2XWBKuOKoAcRmfp+PXGAbb2fYWdg77bwfPo\\r\\n4B053FO0qBpKGrQ+UIkbQBxogDDZHAsB6sw4DzEt3joVHJW6lE4bp0JTUWt5W3WG\\r\\ndYV//lyeYXTKV0EuwYs/Mn9afNktImw1Unxl16uqmrQs7lCGHweZNxJwuqJEP6Bd\\r\\nd9MYUxz6aaM/W/SCQi+9h8k9DZjPxpWCNgf8dDGczKPLuuklPUe88e0+Hb8bfLNB\\r\\noSV7jZn2UUiYsKPaD9QCvrW8myDqIWYp81D7R9sD2OK130mOMZZl3KSBLnAGZmxf\\r\\n+tPQUbyD5CVWYk1s9KR9hJ5myEK18w54ZWE4jPIZHBibVw+O949xoGOg7nVEOw1B\\r\\nAyIHad1EzUuf0X4Zze04hLk67NQYdHqG14w/gionbeWkv22uWYMqiou1Z0q9roy6\\r\\nmRS7l/syRsP3MfTUz2vtch4GjwAxAoHBAM8WkLPPrJPOVQIrdRuLwZuJMRevf6Nc\\r\\nUQodMf9ebRfCHesA2rnp8NEXV2xl85mQHKp3ZXP/f9h4VlXuYWr/AJ1B0cVHXm8e\\r\\nnnhtn1k3pGAygz1M7ZoRgODC1kAPUxVyytzy1C7YiSmbncs/unYqNDzYqJo3NNNc\\r\\ntrk3ueBcKMjz7Yw4g3nxgcieceO82um2Rh4mOJK4ir0Czj3hh6xH3i+Y8ApJvivf\\r\\n/X9V7UQHI7whyppxk58s1fhnEpxvYBYyvwKBwQDIDOhzZL1fwjtyuzbQQ5wrJO3L\\r\\n39Kp/pZSxlcjn+ICuktaxe6PgLH8Wblz7ff3d8AkJCqCpQSCHLxRUouX+LpbSOo3\\r\\n1Qfv74LpAOn+cfFu0FbEEoQQdZZruhxahKCrpY3uZMrc2UPEewK4PHVpxs6Qhy8o\\r\\ndXMXq4dgliDr83HQFhl71+WoDFTkzmQCG+AE9KwVI2lMmOrZi5Zk/cVPg23a3Yse\\r\\n9aHsVFemCfxn+RIoNZ18P4XylvVbbDpkwQpNiesCgcBa9B4520yA3m6XtV6J6qfu\\r\\nGCNns7zrkvBE8O20q1ReyvM48/cdEJKkQwwyn9SN7a2pcSct+1m7SZ8hvsEqrTUn\\r\\n3HC1pNLlGx2e5wbFuJqJZaYellsFAAsKrIhNOm3TTceroztuF8ymaaK0UhkjLQYk\\r\\nc0QZ94VMD7xxPPh2ggOnvvrmSyvzsw69flmnHJtJarUBKOhQCJ1mxoSuyQ89q5L6\\r\\ndMF4w0qzGn3MH4FGD5yyVGUX0Cp2Dssrfpm9+2zIUyECgcBSpVqHCbBe1jx/Gq77\\r\\nfWMQQ/JlzrMWfdIWolAvrIbPv60P9EOpT264pUzDgyV1PCjKBZL2ZDwnkL2QDz0S\\r\\nbLR4r/frVvwveNCpeDIzZ1lqAXJHEKs0rY+WM84w6ygBoaSwPz273ZpsmrE18exD\\r\\n5dlCxkaKPXNt7PRBx+QT9oAnimm+yyPauDV+TXHtmRyEj5xkIzwGZApqE4vvbxPL\\r\\n1K1WxT4LbUkW/IU1WFzJi5GfwP6t7QRmg00cFutM4p9iBz8CgcATazVb3g+1GIZo\\r\\neZp2+fEH7GZ1Y5l2ovo0SSvjqJmbKmPAsBrk8I2GTbc0KFkUPJzerkjfCQW4Xtfm\\r\\nNFly0Ens6Pk80i4Evj/z3f+xONdyz9+osXapvVRxkKTMuXK6L3C0XqIGlGO/KhG5\\r\\nKXzLc3nTURLMCyFajoyZi/sg4Mw2a4Il+7w+GMldQdT7vg4Sr5sGDWpfMfPW8b09\\r\\nZbhsQhNA01tBd1HUYME9gAdNQ/EYRh1juDw5SUsHjxW+yPdYIRo=\\r\\n-----END RSA PRIVATE KEY-----\\r\\n\",\"publicKey\":\"ssh-rsa AAAAB3NzaC1yc2EAAAADAQABAAABgQCh1BIlDnCGMGFSMhmGZ3Y2iC5EjjPzI/z0JoDZ22b0FWdtywzPNng66Djx/Z/6zCyiTfoPoUGFl2iMPQSuX7+V1FQ9TcdG1tusNJ+rnuZIOz7/6i2jQ5QasM2s1RbVJXAqBwn9UtgwieSswYRkeakWLiCUjl6hXDHhvvlpXe/HWaXfyfTznblxMKp+xqW7OXNKRG6ih014wvkRTzgLDuQglSVDpeKsq9xijc+7XGL7drLBOAiP5J1jqPePamrf4oaj/3WSXMkAo1nUKe6zcwH7G+P5Ojk4d54RyUY/HlzPdCgmqSc4usNRzdw1341U/cMsK6/kOKIVZ++ZlWObw8L76k2S+cA3acpJf4EBSHCtKlRGwUd0RpH/NYYwFkk1oA22IsBSQS9CUNyGa/aDeGB896Hz3b5eXYqONB0ydYvkRMMcVfmVHS1/8bkMVRw971YIrfrm8HG89pG4JAoE+mBiBrcDQgoMqRF6YllzQ6f84tlHSgtEr326KuLXUM77zFU= generated-by-azure\"}",
            "resource_id": "/subscriptions/25e087ef-4926-4833-bc30-7b7e8aac7836/resourceGroups/rg-noble-grouse/providers/Microsoft.Compute/sshPublicKeys/sshamusedcoyote",
            "response_export_values": [
              "publicKey",
              "privateKey"
            ],
            "timeouts": null,
            "type": "Microsoft.Compute/sshPublicKeys@2022-11-01"
          },
          "sensitive_attributes": [],
          "private": "eyJlMmJmYjczMC1lY2FhLTExZTYtOGY4OC0zNDM2M2JjN2M0YzAiOnsiY3JlYXRlIjoxODAwMDAwMDAwMDAwLCJkZWxldGUiOjE4MDAwMDAwMDAwMDAsInJlYWQiOjMwMDAwMDAwMDAwMCwidXBkYXRlIjoxODAwMDAwMDAwMDAwfX0=",
          "dependencies": [
            "azapi_resource.ssh_public_key",
            "azurerm_resource_group.rg",
            "random_pet.rg_name",
            "random_pet.ssh_key_name"
          ]
        }
      ]
    },
    {
      "mode": "managed",
      "type": "azurerm_linux_virtual_machine",
      "name": "my_terraform_vm",
      "provider": "provider[\"registry.terraform.io/hashicorp/azurerm\"]",
      "instances": [
        {
          "schema_version": 0,
          "attributes": {
            "additional_capabilities": [],
            "admin_password": null,
            "admin_ssh_key": [
              {
                "public_key": "ssh-rsa AAAAB3NzaC1yc2EAAAADAQABAAABgQCh1BIlDnCGMGFSMhmGZ3Y2iC5EjjPzI/z0JoDZ22b0FWdtywzPNng66Djx/Z/6zCyiTfoPoUGFl2iMPQSuX7+V1FQ9TcdG1tusNJ+rnuZIOz7/6i2jQ5QasM2s1RbVJXAqBwn9UtgwieSswYRkeakWLiCUjl6hXDHhvvlpXe/HWaXfyfTznblxMKp+xqW7OXNKRG6ih014wvkRTzgLDuQglSVDpeKsq9xijc+7XGL7drLBOAiP5J1jqPePamrf4oaj/3WSXMkAo1nUKe6zcwH7G+P5Ojk4d54RyUY/HlzPdCgmqSc4usNRzdw1341U/cMsK6/kOKIVZ++ZlWObw8L76k2S+cA3acpJf4EBSHCtKlRGwUd0RpH/NYYwFkk1oA22IsBSQS9CUNyGa/aDeGB896Hz3b5eXYqONB0ydYvkRMMcVfmVHS1/8bkMVRw971YIrfrm8HG89pG4JAoE+mBiBrcDQgoMqRF6YllzQ6f84tlHSgtEr326KuLXUM77zFU= generated-by-azure",
                "username": "azureadmin"
              }
            ],
            "admin_username": "azureadmin",
            "allow_extension_operations": true,
            "availability_set_id": "",
            "boot_diagnostics": [
              {
                "storage_account_uri": "https://diag13d19f5f77395cca.blob.core.windows.net/"
              }
            ],
            "computer_name": "hostname",
            "custom_data": null,
            "dedicated_host_group_id": "",
            "dedicated_host_id": "",
            "disable_password_authentication": true,
            "encryption_at_host_enabled": false,
            "eviction_policy": "",
            "extensions_time_budget": "PT1H30M",
            "id": "/subscriptions/25e087ef-4926-4833-bc30-7b7e8aac7836/resourceGroups/rg-noble-grouse/providers/Microsoft.Compute/virtualMachines/myDBVM",
            "identity": [],
            "license_type": "",
            "location": "eastus",
            "max_bid_price": -1,
            "name": "myDBVM",
            "network_interface_ids": [
              "/subscriptions/25e087ef-4926-4833-bc30-7b7e8aac7836/resourceGroups/rg-noble-grouse/providers/Microsoft.Network/networkInterfaces/myNIC"
            ],
            "os_disk": [
              {
                "caching": "ReadWrite",
                "diff_disk_settings": [],
                "disk_encryption_set_id": "",
                "disk_size_gb": 30,
                "name": "myOsDisk",
                "storage_account_type": "Premium_LRS",
                "write_accelerator_enabled": false
              }
            ],
            "patch_mode": "ImageDefault",
            "plan": [],
            "platform_fault_domain": -1,
            "priority": "Regular",
            "private_ip_address": "10.0.1.4",
            "private_ip_addresses": [
              "10.0.1.4"
            ],
            "provision_vm_agent": true,
            "proximity_placement_group_id": "",
            "public_ip_address": "20.127.7.36",
            "public_ip_addresses": [
              "20.127.7.36"
            ],
            "resource_group_name": "rg-noble-grouse",
            "secret": [],
            "secure_boot_enabled": false,
            "size": "Standard_DS1_v2",
            "source_image_id": "",
            "source_image_reference": [
              {
                "offer": "0001-com-ubuntu-server-jammy",
                "publisher": "Canonical",
                "sku": "22_04-lts-gen2",
                "version": "latest"
              }
            ],
            "tags": null,
            "timeouts": null,
            "user_data": "",
            "virtual_machine_id": "b70f3e02-831c-4808-9c09-77e625ff6e96",
            "virtual_machine_scale_set_id": "",
            "vtpm_enabled": false,
            "zone": ""
          },
          "sensitive_attributes": [],
          "private": "eyJlMmJmYjczMC1lY2FhLTExZTYtOGY4OC0zNDM2M2JjN2M0YzAiOnsiY3JlYXRlIjoyNzAwMDAwMDAwMDAwLCJkZWxldGUiOjI3MDAwMDAwMDAwMDAsInJlYWQiOjMwMDAwMDAwMDAwMCwidXBkYXRlIjoyNzAwMDAwMDAwMDAwfX0=",
          "dependencies": [
            "azapi_resource.ssh_public_key",
            "azapi_resource_action.ssh_public_key_gen",
            "azurerm_network_interface.my_terraform_nic",
            "azurerm_public_ip.my_terraform_public_ip",
            "azurerm_resource_group.rg",
            "azurerm_storage_account.my_storage_account",
            "azurerm_subnet.my_terraform_subnet",
            "azurerm_virtual_network.my_terraform_network",
            "random_id.random_id",
            "random_pet.rg_name",
            "random_pet.ssh_key_name"
          ]
        }
      ]
    },
    {
      "mode": "managed",
      "type": "azurerm_network_interface",
      "name": "my_terraform_nic",
      "provider": "provider[\"registry.terraform.io/hashicorp/azurerm\"]",
      "instances": [
        {
          "schema_version": 0,
          "attributes": {
            "applied_dns_servers": [],
            "dns_servers": [],
            "enable_accelerated_networking": false,
            "enable_ip_forwarding": false,
            "id": "/subscriptions/25e087ef-4926-4833-bc30-7b7e8aac7836/resourceGroups/rg-noble-grouse/providers/Microsoft.Network/networkInterfaces/myNIC",
            "internal_dns_name_label": "",
            "internal_domain_name_suffix": "cf2sey0bk31enaynxw1smjpytg.bx.internal.cloudapp.net",
            "ip_configuration": [
              {
                "gateway_load_balancer_frontend_ip_configuration_id": "",
                "name": "my_nic_configuration",
                "primary": true,
                "private_ip_address": "10.0.1.4",
                "private_ip_address_allocation": "Dynamic",
                "private_ip_address_version": "IPv4",
                "public_ip_address_id": "/subscriptions/25e087ef-4926-4833-bc30-7b7e8aac7836/resourceGroups/rg-noble-grouse/providers/Microsoft.Network/publicIPAddresses/myPublicIP",
                "subnet_id": "/subscriptions/25e087ef-4926-4833-bc30-7b7e8aac7836/resourceGroups/rg-noble-grouse/providers/Microsoft.Network/virtualNetworks/myVnet/subnets/mySubnet"
              }
            ],
            "location": "eastus",
            "mac_address": "",
            "name": "myNIC",
            "private_ip_address": "10.0.1.4",
            "private_ip_addresses": [
              "10.0.1.4"
            ],
            "resource_group_name": "rg-noble-grouse",
            "tags": null,
            "timeouts": null,
            "virtual_machine_id": ""
          },
          "sensitive_attributes": [],
          "private": "eyJlMmJmYjczMC1lY2FhLTExZTYtOGY4OC0zNDM2M2JjN2M0YzAiOnsiY3JlYXRlIjoxODAwMDAwMDAwMDAwLCJkZWxldGUiOjE4MDAwMDAwMDAwMDAsInJlYWQiOjMwMDAwMDAwMDAwMCwidXBkYXRlIjoxODAwMDAwMDAwMDAwfX0=",
          "dependencies": [
            "azurerm_public_ip.my_terraform_public_ip",
            "azurerm_resource_group.rg",
            "azurerm_subnet.my_terraform_subnet",
            "azurerm_virtual_network.my_terraform_network",
            "random_pet.rg_name"
          ]
        }
      ]
    },
    {
      "mode": "managed",
      "type": "azurerm_network_interface_security_group_association",
      "name": "example",
      "provider": "provider[\"registry.terraform.io/hashicorp/azurerm\"]",
      "instances": [
        {
          "schema_version": 0,
          "attributes": {
            "id": "/subscriptions/25e087ef-4926-4833-bc30-7b7e8aac7836/resourceGroups/rg-noble-grouse/providers/Microsoft.Network/networkInterfaces/myNIC|/subscriptions/25e087ef-4926-4833-bc30-7b7e8aac7836/resourceGroups/rg-noble-grouse/providers/Microsoft.Network/networkSecurityGroups/myNetworkSecurityGroup",
            "network_interface_id": "/subscriptions/25e087ef-4926-4833-bc30-7b7e8aac7836/resourceGroups/rg-noble-grouse/providers/Microsoft.Network/networkInterfaces/myNIC",
            "network_security_group_id": "/subscriptions/25e087ef-4926-4833-bc30-7b7e8aac7836/resourceGroups/rg-noble-grouse/providers/Microsoft.Network/networkSecurityGroups/myNetworkSecurityGroup",
            "timeouts": null
          },
          "sensitive_attributes": [],
          "private": "eyJlMmJmYjczMC1lY2FhLTExZTYtOGY4OC0zNDM2M2JjN2M0YzAiOnsiY3JlYXRlIjoxODAwMDAwMDAwMDAwLCJkZWxldGUiOjE4MDAwMDAwMDAwMDAsInJlYWQiOjMwMDAwMDAwMDAwMCwidXBkYXRlIjoxODAwMDAwMDAwMDAwfX0=",
          "dependencies": [
            "azurerm_network_interface.my_terraform_nic",
            "azurerm_network_security_group.my_terraform_nsg",
            "azurerm_public_ip.my_terraform_public_ip",
            "azurerm_resource_group.rg",
            "azurerm_subnet.my_terraform_subnet",
            "azurerm_virtual_network.my_terraform_network",
            "random_pet.rg_name"
          ]
        }
      ]
    },
    {
      "mode": "managed",
      "type": "azurerm_network_security_group",
      "name": "my_terraform_nsg",
      "provider": "provider[\"registry.terraform.io/hashicorp/azurerm\"]",
      "instances": [
        {
          "schema_version": 0,
          "attributes": {
            "id": "/subscriptions/25e087ef-4926-4833-bc30-7b7e8aac7836/resourceGroups/rg-noble-grouse/providers/Microsoft.Network/networkSecurityGroups/myNetworkSecurityGroup",
            "location": "eastus",
            "name": "myNetworkSecurityGroup",
            "resource_group_name": "rg-noble-grouse",
            "security_rule": [
              {
                "access": "Allow",
                "description": "",
                "destination_address_prefix": "*",
                "destination_address_prefixes": [],
                "destination_application_security_group_ids": [],
                "destination_port_range": "22",
                "destination_port_ranges": [],
                "direction": "Inbound",
                "name": "SSH",
                "priority": 1001,
                "protocol": "Tcp",
                "source_address_prefix": "*",
                "source_address_prefixes": [],
                "source_application_security_group_ids": [],
                "source_port_range": "*",
                "source_port_ranges": []
              }
            ],
            "tags": null,
            "timeouts": null
          },
          "sensitive_attributes": [],
          "private": "eyJlMmJmYjczMC1lY2FhLTExZTYtOGY4OC0zNDM2M2JjN2M0YzAiOnsiY3JlYXRlIjoxODAwMDAwMDAwMDAwLCJkZWxldGUiOjE4MDAwMDAwMDAwMDAsInJlYWQiOjMwMDAwMDAwMDAwMCwidXBkYXRlIjoxODAwMDAwMDAwMDAwfX0=",
          "dependencies": [
            "azurerm_resource_group.rg",
            "random_pet.rg_name"
          ]
        }
      ]
    },
    {
      "mode": "managed",
      "type": "azurerm_public_ip",
      "name": "my_terraform_public_ip",
      "provider": "provider[\"registry.terraform.io/hashicorp/azurerm\"]",
      "instances": [
        {
          "schema_version": 0,
          "attributes": {
            "allocation_method": "Dynamic",
            "availability_zone": "No-Zone",
            "domain_name_label": null,
            "fqdn": null,
            "id": "/subscriptions/25e087ef-4926-4833-bc30-7b7e8aac7836/resourceGroups/rg-noble-grouse/providers/Microsoft.Network/publicIPAddresses/myPublicIP",
            "idle_timeout_in_minutes": 4,
            "ip_address": "",
            "ip_tags": null,
            "ip_version": "IPv4",
            "location": "eastus",
            "name": "myPublicIP",
            "public_ip_prefix_id": null,
            "resource_group_name": "rg-noble-grouse",
            "reverse_fqdn": null,
            "sku": "Basic",
            "sku_tier": "Regional",
            "tags": null,
            "timeouts": null,
            "zones": []
          },
          "sensitive_attributes": [],
          "private": "eyJlMmJmYjczMC1lY2FhLTExZTYtOGY4OC0zNDM2M2JjN2M0YzAiOnsiY3JlYXRlIjoxODAwMDAwMDAwMDAwLCJkZWxldGUiOjE4MDAwMDAwMDAwMDAsInJlYWQiOjMwMDAwMDAwMDAwMCwidXBkYXRlIjoxODAwMDAwMDAwMDAwfX0=",
          "dependencies": [
            "azurerm_resource_group.rg",
            "random_pet.rg_name"
          ]
        }
      ]
    },
    {
      "mode": "managed",
      "type": "azurerm_resource_group",
      "name": "rg",
      "provider": "provider[\"registry.terraform.io/hashicorp/azurerm\"]",
      "instances": [
        {
          "schema_version": 0,
          "attributes": {
            "id": "/subscriptions/25e087ef-4926-4833-bc30-7b7e8aac7836/resourceGroups/rg-noble-grouse",
            "location": "eastus",
            "name": "rg-noble-grouse",
            "tags": null,
            "timeouts": null
          },
          "sensitive_attributes": [],
          "private": "eyJlMmJmYjczMC1lY2FhLTExZTYtOGY4OC0zNDM2M2JjN2M0YzAiOnsiY3JlYXRlIjo1NDAwMDAwMDAwMDAwLCJkZWxldGUiOjU0MDAwMDAwMDAwMDAsInJlYWQiOjMwMDAwMDAwMDAwMCwidXBkYXRlIjo1NDAwMDAwMDAwMDAwfX0=",
          "dependencies": [
            "random_pet.rg_name"
          ]
        }
      ]
    },
    {
      "mode": "managed",
      "type": "azurerm_storage_account",
      "name": "my_storage_account",
      "provider": "provider[\"registry.terraform.io/hashicorp/azurerm\"]",
      "instances": [
        {
          "schema_version": 2,
          "attributes": {
            "access_tier": "Hot",
            "account_kind": "StorageV2",
            "account_replication_type": "LRS",
            "account_tier": "Standard",
            "allow_blob_public_access": false,
            "azure_files_authentication": [],
            "blob_properties": [
              {
                "change_feed_enabled": false,
                "container_delete_retention_policy": [],
                "cors_rule": [],
                "default_service_version": "",
                "delete_retention_policy": [],
                "last_access_time_enabled": false,
                "versioning_enabled": false
              }
            ],
            "custom_domain": [],
            "customer_managed_key": [],
            "enable_https_traffic_only": true,
            "id": "/subscriptions/25e087ef-4926-4833-bc30-7b7e8aac7836/resourceGroups/rg-noble-grouse/providers/Microsoft.Storage/storageAccounts/diag13d19f5f77395cca",
            "identity": [],
            "infrastructure_encryption_enabled": false,
            "is_hns_enabled": false,
            "large_file_share_enabled": null,
            "location": "eastus",
            "min_tls_version": "TLS1_0",
            "name": "diag13d19f5f77395cca",
            "network_rules": [
              {
                "bypass": [
                  "AzureServices"
                ],
                "default_action": "Allow",
                "ip_rules": [],
                "private_link_access": [],
                "virtual_network_subnet_ids": []
              }
            ],
            "nfsv3_enabled": false,
            "primary_access_key": "45Y01MO0ztfzOHWdBpxUKzU/EkaoeHoxfYcboAekj7K/OoUpk6FxaNDDvQhibCASBQcwRgvOTEhr+ASttZgkew==",
            "primary_blob_connection_string": "DefaultEndpointsProtocol=https;BlobEndpoint=https://diag13d19f5f77395cca.blob.core.windows.net/;AccountName=diag13d19f5f77395cca;AccountKey=45Y01MO0ztfzOHWdBpxUKzU/EkaoeHoxfYcboAekj7K/OoUpk6FxaNDDvQhibCASBQcwRgvOTEhr+ASttZgkew==",
            "primary_blob_endpoint": "https://diag13d19f5f77395cca.blob.core.windows.net/",
            "primary_blob_host": "diag13d19f5f77395cca.blob.core.windows.net",
            "primary_connection_string": "DefaultEndpointsProtocol=https;AccountName=diag13d19f5f77395cca;AccountKey=45Y01MO0ztfzOHWdBpxUKzU/EkaoeHoxfYcboAekj7K/OoUpk6FxaNDDvQhibCASBQcwRgvOTEhr+ASttZgkew==;EndpointSuffix=core.windows.net",
            "primary_dfs_endpoint": "https://diag13d19f5f77395cca.dfs.core.windows.net/",
            "primary_dfs_host": "diag13d19f5f77395cca.dfs.core.windows.net",
            "primary_file_endpoint": "https://diag13d19f5f77395cca.file.core.windows.net/",
            "primary_file_host": "diag13d19f5f77395cca.file.core.windows.net",
            "primary_location": "eastus",
            "primary_queue_endpoint": "https://diag13d19f5f77395cca.queue.core.windows.net/",
            "primary_queue_host": "diag13d19f5f77395cca.queue.core.windows.net",
            "primary_table_endpoint": "https://diag13d19f5f77395cca.table.core.windows.net/",
            "primary_table_host": "diag13d19f5f77395cca.table.core.windows.net",
            "primary_web_endpoint": "https://diag13d19f5f77395cca.z13.web.core.windows.net/",
            "primary_web_host": "diag13d19f5f77395cca.z13.web.core.windows.net",
            "queue_encryption_key_type": "Service",
            "queue_properties": [
              {
                "cors_rule": [],
                "hour_metrics": [
                  {
                    "enabled": true,
                    "include_apis": true,
                    "retention_policy_days": 7,
                    "version": "1.0"
                  }
                ],
                "logging": [
                  {
                    "delete": false,
                    "read": false,
                    "retention_policy_days": 0,
                    "version": "1.0",
                    "write": false
                  }
                ],
                "minute_metrics": [
                  {
                    "enabled": false,
                    "include_apis": false,
                    "retention_policy_days": 0,
                    "version": "1.0"
                  }
                ]
              }
            ],
            "resource_group_name": "rg-noble-grouse",
            "routing": [],
            "secondary_access_key": "1IgFWyBvn0zmkCQTyuuURsmz0l3H1rryTVQ9rLPUeqI568g7vgcoOu+UwOOn4USXxChS5RrgxukQ+AStZSvicw==",
            "secondary_blob_connection_string": "",
            "secondary_blob_endpoint": null,
            "secondary_blob_host": null,
            "secondary_connection_string": "DefaultEndpointsProtocol=https;AccountName=diag13d19f5f77395cca;AccountKey=1IgFWyBvn0zmkCQTyuuURsmz0l3H1rryTVQ9rLPUeqI568g7vgcoOu+UwOOn4USXxChS5RrgxukQ+AStZSvicw==;EndpointSuffix=core.windows.net",
            "secondary_dfs_endpoint": null,
            "secondary_dfs_host": null,
            "secondary_file_endpoint": null,
            "secondary_file_host": null,
            "secondary_location": "",
            "secondary_queue_endpoint": null,
            "secondary_queue_host": null,
            "secondary_table_endpoint": null,
            "secondary_table_host": null,
            "secondary_web_endpoint": null,
            "secondary_web_host": null,
            "share_properties": [
              {
                "cors_rule": [],
                "retention_policy": [
                  {
                    "days": 7
                  }
                ],
                "smb": []
              }
            ],
            "shared_access_key_enabled": true,
            "static_website": [],
            "table_encryption_key_type": "Service",
            "tags": null,
            "timeouts": null
          },
          "sensitive_attributes": [],
          "private": "eyJlMmJmYjczMC1lY2FhLTExZTYtOGY4OC0zNDM2M2JjN2M0YzAiOnsiY3JlYXRlIjozNjAwMDAwMDAwMDAwLCJkZWxldGUiOjM2MDAwMDAwMDAwMDAsInJlYWQiOjMwMDAwMDAwMDAwMCwidXBkYXRlIjozNjAwMDAwMDAwMDAwfSwic2NoZW1hX3ZlcnNpb24iOiIyIn0=",
          "dependencies": [
            "azurerm_resource_group.rg",
            "random_id.random_id",
            "random_pet.rg_name"
          ]
        }
      ]
    },
    {
      "mode": "managed",
      "type": "azurerm_subnet",
      "name": "my_terraform_subnet",
      "provider": "provider[\"registry.terraform.io/hashicorp/azurerm\"]",
      "instances": [
        {
          "schema_version": 0,
          "attributes": {
            "address_prefix": "10.0.1.0/24",
            "address_prefixes": [
              "10.0.1.0/24"
            ],
            "delegation": [],
            "enforce_private_link_endpoint_network_policies": false,
            "enforce_private_link_service_network_policies": false,
            "id": "/subscriptions/25e087ef-4926-4833-bc30-7b7e8aac7836/resourceGroups/rg-noble-grouse/providers/Microsoft.Network/virtualNetworks/myVnet/subnets/mySubnet",
            "name": "mySubnet",
            "resource_group_name": "rg-noble-grouse",
            "service_endpoint_policy_ids": null,
            "service_endpoints": null,
            "timeouts": null,
            "virtual_network_name": "myVnet"
          },
          "sensitive_attributes": [],
          "private": "eyJlMmJmYjczMC1lY2FhLTExZTYtOGY4OC0zNDM2M2JjN2M0YzAiOnsiY3JlYXRlIjoxODAwMDAwMDAwMDAwLCJkZWxldGUiOjE4MDAwMDAwMDAwMDAsInJlYWQiOjMwMDAwMDAwMDAwMCwidXBkYXRlIjoxODAwMDAwMDAwMDAwfX0=",
          "dependencies": [
            "azurerm_resource_group.rg",
            "azurerm_virtual_network.my_terraform_network",
            "random_pet.rg_name"
          ]
        }
      ]
    },
    {
      "mode": "managed",
      "type": "azurerm_virtual_network",
      "name": "my_terraform_network",
      "provider": "provider[\"registry.terraform.io/hashicorp/azurerm\"]",
      "instances": [
        {
          "schema_version": 0,
          "attributes": {
            "address_space": [
              "10.0.0.0/16"
            ],
            "bgp_community": "",
            "ddos_protection_plan": [],
            "dns_servers": [],
            "flow_timeout_in_minutes": 0,
            "guid": "63227911-5741-4676-830d-bdb72625f89e",
            "id": "/subscriptions/25e087ef-4926-4833-bc30-7b7e8aac7836/resourceGroups/rg-noble-grouse/providers/Microsoft.Network/virtualNetworks/myVnet",
            "location": "eastus",
            "name": "myVnet",
            "resource_group_name": "rg-noble-grouse",
            "subnet": [],
            "tags": null,
            "timeouts": null,
            "vm_protection_enabled": false
          },
          "sensitive_attributes": [],
          "private": "eyJlMmJmYjczMC1lY2FhLTExZTYtOGY4OC0zNDM2M2JjN2M0YzAiOnsiY3JlYXRlIjoxODAwMDAwMDAwMDAwLCJkZWxldGUiOjE4MDAwMDAwMDAwMDAsInJlYWQiOjMwMDAwMDAwMDAwMCwidXBkYXRlIjoxODAwMDAwMDAwMDAwfX0=",
          "dependencies": [
            "azurerm_resource_group.rg",
            "random_pet.rg_name"
          ]
        }
      ]
    },
    {
      "mode": "managed",
      "type": "random_id",
      "name": "random_id",
      "provider": "provider[\"registry.terraform.io/hashicorp/random\"]",
      "instances": [
        {
          "schema_version": 0,
          "attributes": {
            "b64_std": "E9GfX3c5XMo=",
            "b64_url": "E9GfX3c5XMo",
            "byte_length": 8,
            "dec": "1428097789224115402",
            "hex": "13d19f5f77395cca",
            "id": "E9GfX3c5XMo",
            "keepers": {
              "resource_group": "rg-noble-grouse"
            },
            "prefix": null
          },
          "sensitive_attributes": [],
          "dependencies": [
            "azurerm_resource_group.rg",
            "random_pet.rg_name"
          ]
        }
      ]
    },
    {
      "mode": "managed",
      "type": "random_pet",
      "name": "rg_name",
      "provider": "provider[\"registry.terraform.io/hashicorp/random\"]",
      "instances": [
        {
          "schema_version": 0,
          "attributes": {
            "id": "rg-noble-grouse",
            "keepers": null,
            "length": 2,
            "prefix": "rg",
            "separator": "-"
          },
          "sensitive_attributes": []
        }
      ]
    },
    {
      "mode": "managed",
      "type": "random_pet",
      "name": "ssh_key_name",
      "provider": "provider[\"registry.terraform.io/hashicorp/random\"]",
      "instances": [
        {
          "schema_version": 0,
          "attributes": {
            "id": "sshamusedcoyote",
            "keepers": null,
            "length": 2,
            "prefix": "ssh",
            "separator": ""
          },
          "sensitive_attributes": []
        }
      ]
    }
  ],
  "check_results": null
}
